// !$*UTF8*$!
{
	archiveVersion = 1;
	classes = {
	};
	objectVersion = 46;
	objects = {

/* Begin PBXBuildFile section */
		BE88365B1C0D0CD9003CF2C0 /* DetailCell.m in Sources */ = {isa = PBXBuildFile; fileRef = BE88365A1C0D0CD9003CF2C0 /* DetailCell.m */; };
		BE8836631C0E7597003CF2C0 /* Catalog.m in Sources */ = {isa = PBXBuildFile; fileRef = BE8836621C0E7597003CF2C0 /* Catalog.m */; };
		BE8836681C0E9490003CF2C0 /* next.png in Resources */ = {isa = PBXBuildFile; fileRef = BE8836641C0E9490003CF2C0 /* next.png */; };
		BE8836691C0E9490003CF2C0 /* pause.png in Resources */ = {isa = PBXBuildFile; fileRef = BE8836651C0E9490003CF2C0 /* pause.png */; };
		BE88366A1C0E9490003CF2C0 /* play.png in Resources */ = {isa = PBXBuildFile; fileRef = BE8836661C0E9490003CF2C0 /* play.png */; };
		BE88366B1C0E9490003CF2C0 /* previous.png in Resources */ = {isa = PBXBuildFile; fileRef = BE8836671C0E9490003CF2C0 /* previous.png */; };
		BE88366D1C0EC82F003CF2C0 /* thisTrackIsPlaying.png in Resources */ = {isa = PBXBuildFile; fileRef = BE88366C1C0EC82F003CF2C0 /* thisTrackIsPlaying.png */; };
		BE88366F1C0EDB9F003CF2C0 /* note.png in Resources */ = {isa = PBXBuildFile; fileRef = BE88366E1C0EDB9F003CF2C0 /* note.png */; };
		BE8836741C0EE8F8003CF2C0 /* UIColor+MyColors.m in Sources */ = {isa = PBXBuildFile; fileRef = BE8836731C0EE8F8003CF2C0 /* UIColor+MyColors.m */; };
		BE88367A1C0EEE16003CF2C0 /* note_disabled.png in Resources */ = {isa = PBXBuildFile; fileRef = BE8836791C0EEE16003CF2C0 /* note_disabled.png */; };
		BE8E55E81C0AD85D0076CECA /* main.m in Sources */ = {isa = PBXBuildFile; fileRef = BE8E55E71C0AD85D0076CECA /* main.m */; };
		BE8E55EB1C0AD85D0076CECA /* AppDelegate.m in Sources */ = {isa = PBXBuildFile; fileRef = BE8E55EA1C0AD85D0076CECA /* AppDelegate.m */; };
		BE8E55EE1C0AD85D0076CECA /* MasterViewController.m in Sources */ = {isa = PBXBuildFile; fileRef = BE8E55ED1C0AD85D0076CECA /* MasterViewController.m */; };
		BE8E55F11C0AD85D0076CECA /* DetailViewController.m in Sources */ = {isa = PBXBuildFile; fileRef = BE8E55F01C0AD85D0076CECA /* DetailViewController.m */; };
		BE8E55F41C0AD85D0076CECA /* Main.storyboard in Resources */ = {isa = PBXBuildFile; fileRef = BE8E55F21C0AD85D0076CECA /* Main.storyboard */; };
		BE8E55F61C0AD85D0076CECA /* Assets.xcassets in Resources */ = {isa = PBXBuildFile; fileRef = BE8E55F51C0AD85D0076CECA /* Assets.xcassets */; };
		BE8E55F91C0AD85D0076CECA /* LaunchScreen.storyboard in Resources */ = {isa = PBXBuildFile; fileRef = BE8E55F71C0AD85D0076CECA /* LaunchScreen.storyboard */; };
		BE8E56041C0AD85D0076CECA /* MusicPlayerTests.m in Sources */ = {isa = PBXBuildFile; fileRef = BE8E56031C0AD85D0076CECA /* MusicPlayerTests.m */; };
		BE8E560F1C0AD85D0076CECA /* MusicPlayerUITests.m in Sources */ = {isa = PBXBuildFile; fileRef = BE8E560E1C0AD85D0076CECA /* MusicPlayerUITests.m */; };
		BE8E562A1C0AD8920076CECA /* slow.1.mp3 in Resources */ = {isa = PBXBuildFile; fileRef = BE8E56211C0AD8920076CECA /* slow.1.mp3 */; };
		BE8E562B1C0AD8920076CECA /* slow.2.mp3 in Resources */ = {isa = PBXBuildFile; fileRef = BE8E56221C0AD8920076CECA /* slow.2.mp3 */; };
		BE8E562C1C0AD8920076CECA /* slow.3.mp3 in Resources */ = {isa = PBXBuildFile; fileRef = BE8E56231C0AD8920076CECA /* slow.3.mp3 */; };
		BE8E562D1C0AD8920076CECA /* slow.4.mp3 in Resources */ = {isa = PBXBuildFile; fileRef = BE8E56241C0AD8920076CECA /* slow.4.mp3 */; };
		BE8E562E1C0AD8920076CECA /* slow.5.mp3 in Resources */ = {isa = PBXBuildFile; fileRef = BE8E56251C0AD8920076CECA /* slow.5.mp3 */; };
		BE8E562F1C0AD8920076CECA /* slow.6.mp3 in Resources */ = {isa = PBXBuildFile; fileRef = BE8E56261C0AD8920076CECA /* slow.6.mp3 */; };
		BE8E56301C0AD8920076CECA /* slow.7.mp3 in Resources */ = {isa = PBXBuildFile; fileRef = BE8E56271C0AD8920076CECA /* slow.7.mp3 */; };
		BE8E56311C0AD8920076CECA /* slow.8.mp3 in Resources */ = {isa = PBXBuildFile; fileRef = BE8E56281C0AD8920076CECA /* slow.8.mp3 */; };
		BE8E56321C0AD8920076CECA /* slow.9.mp3 in Resources */ = {isa = PBXBuildFile; fileRef = BE8E56291C0AD8920076CECA /* slow.9.mp3 */; };
		BE8E56381C0AD8E30076CECA /* awaketooearly.100.jpg in Resources */ = {isa = PBXBuildFile; fileRef = BE8E56331C0AD8E30076CECA /* awaketooearly.100.jpg */; };
		BE8E56391C0AD8E30076CECA /* birdsheart.100.jpg in Resources */ = {isa = PBXBuildFile; fileRef = BE8E56341C0AD8E30076CECA /* birdsheart.100.jpg */; };
		BE8E563A1C0AD8E30076CECA /* pipesanddreams.100.jpg in Resources */ = {isa = PBXBuildFile; fileRef = BE8E56351C0AD8E30076CECA /* pipesanddreams.100.jpg */; };
		BE8E563B1C0AD8E30076CECA /* slow.100.jpg in Resources */ = {isa = PBXBuildFile; fileRef = BE8E56361C0AD8E30076CECA /* slow.100.jpg */; };
		BE8E563C1C0AD8E30076CECA /* valentinevignettes.100.jpg in Resources */ = {isa = PBXBuildFile; fileRef = BE8E56371C0AD8E30076CECA /* valentinevignettes.100.jpg */; };
		BE8E563F1C0AD9130076CECA /* MasterCell.m in Sources */ = {isa = PBXBuildFile; fileRef = BE8E563E1C0AD9130076CECA /* MasterCell.m */; };
		BE8E56471C0B5A6D0076CECA /* awaketooearly.375.jpg in Resources */ = {isa = PBXBuildFile; fileRef = BE8E56421C0B5A6D0076CECA /* awaketooearly.375.jpg */; };
		BE8E56481C0B5A6D0076CECA /* birdsheart.375.jpg in Resources */ = {isa = PBXBuildFile; fileRef = BE8E56431C0B5A6D0076CECA /* birdsheart.375.jpg */; };
		BE8E56491C0B5A6D0076CECA /* pipesanddreams.375.jpg in Resources */ = {isa = PBXBuildFile; fileRef = BE8E56441C0B5A6D0076CECA /* pipesanddreams.375.jpg */; };
		BE8E564A1C0B5A6D0076CECA /* slow.375.jpg in Resources */ = {isa = PBXBuildFile; fileRef = BE8E56451C0B5A6D0076CECA /* slow.375.jpg */; };
		BE8E564B1C0B5A6D0076CECA /* valentinevignettes.375.jpg in Resources */ = {isa = PBXBuildFile; fileRef = BE8E56461C0B5A6D0076CECA /* valentinevignettes.375.jpg */; };
		BE8E564F1C0B65910076CECA /* Album.m in Sources */ = {isa = PBXBuildFile; fileRef = BE8E564E1C0B65910076CECA /* Album.m */; };
		BE8E566B1C0BF6B80076CECA /* awaketooearly.1400.jpg in Resources */ = {isa = PBXBuildFile; fileRef = BE8E56661C0BF6B80076CECA /* awaketooearly.1400.jpg */; };
		BE8E566C1C0BF6B80076CECA /* birdsheart.1400.jpg in Resources */ = {isa = PBXBuildFile; fileRef = BE8E56671C0BF6B80076CECA /* birdsheart.1400.jpg */; };
		BE8E566D1C0BF6B80076CECA /* slow.1400.jpg in Resources */ = {isa = PBXBuildFile; fileRef = BE8E56681C0BF6B80076CECA /* slow.1400.jpg */; };
		BE8E566E1C0BF6B80076CECA /* valentinevignettes.1400.jpg in Resources */ = {isa = PBXBuildFile; fileRef = BE8E56691C0BF6B80076CECA /* valentinevignettes.1400.jpg */; };
		BE8E566F1C0BF6B80076CECA /* pipesanddreams.1400.jpg in Resources */ = {isa = PBXBuildFile; fileRef = BE8E566A1C0BF6B80076CECA /* pipesanddreams.1400.jpg */; };
		BE8E56731C0BFBCB0076CECA /* Player.m in Sources */ = {isa = PBXBuildFile; fileRef = BE8E56721C0BFBCB0076CECA /* Player.m */; };
		BE8E56851C0C0C1A0076CECA /* birdsheart.3.mp3 in Resources */ = {isa = PBXBuildFile; fileRef = BE8E56771C0C0C1A0076CECA /* birdsheart.3.mp3 */; };
		BE8E56861C0C0C1A0076CECA /* birdsheart.4.mp3 in Resources */ = {isa = PBXBuildFile; fileRef = BE8E56781C0C0C1A0076CECA /* birdsheart.4.mp3 */; };
		BE8E56871C0C0C1A0076CECA /* birdsheart.5.mp3 in Resources */ = {isa = PBXBuildFile; fileRef = BE8E56791C0C0C1A0076CECA /* birdsheart.5.mp3 */; };
		BE8E56881C0C0C1A0076CECA /* birdsheart.6.mp3 in Resources */ = {isa = PBXBuildFile; fileRef = BE8E567A1C0C0C1A0076CECA /* birdsheart.6.mp3 */; };
		BE8E56891C0C0C1A0076CECA /* birdsheart.7.mp3 in Resources */ = {isa = PBXBuildFile; fileRef = BE8E567B1C0C0C1A0076CECA /* birdsheart.7.mp3 */; };
		BE8E568C1C0C0C1A0076CECA /* birdsheart.10.mp3 in Resources */ = {isa = PBXBuildFile; fileRef = BE8E567E1C0C0C1A0076CECA /* birdsheart.10.mp3 */; };
		BE8E568D1C0C0C1A0076CECA /* birdsheart.11.mp3 in Resources */ = {isa = PBXBuildFile; fileRef = BE8E567F1C0C0C1A0076CECA /* birdsheart.11.mp3 */; };
		BE8E568E1C0C0C1A0076CECA /* birdsheart.12.mp3 in Resources */ = {isa = PBXBuildFile; fileRef = BE8E56801C0C0C1A0076CECA /* birdsheart.12.mp3 */; };
		BE8E568F1C0C0C1A0076CECA /* birdsheart.13.mp3 in Resources */ = {isa = PBXBuildFile; fileRef = BE8E56811C0C0C1A0076CECA /* birdsheart.13.mp3 */; };
		BE8E56901C0C0C1A0076CECA /* birdsheart.14.mp3 in Resources */ = {isa = PBXBuildFile; fileRef = BE8E56821C0C0C1A0076CECA /* birdsheart.14.mp3 */; };
		BE8E56951C0C0ECF0076CECA /* birdsheart.1.mp3 in Resources */ = {isa = PBXBuildFile; fileRef = BE8E56911C0C0ECF0076CECA /* birdsheart.1.mp3 */; };
		BE8E56961C0C0ECF0076CECA /* birdsheart.2.mp3 in Resources */ = {isa = PBXBuildFile; fileRef = BE8E56921C0C0ECF0076CECA /* birdsheart.2.mp3 */; };
		BE8E56971C0C0ECF0076CECA /* birdsheart.8.mp3 in Resources */ = {isa = PBXBuildFile; fileRef = BE8E56931C0C0ECF0076CECA /* birdsheart.8.mp3 */; };
		BE8E56981C0C0ECF0076CECA /* birdsheart.9.mp3 in Resources */ = {isa = PBXBuildFile; fileRef = BE8E56941C0C0ECF0076CECA /* birdsheart.9.mp3 */; };
		BE8E56A21C0C0FBC0076CECA /* pipesanddreams.1.mp3 in Resources */ = {isa = PBXBuildFile; fileRef = BE8E569A1C0C0FBC0076CECA /* pipesanddreams.1.mp3 */; };
		BE8E56A31C0C0FBC0076CECA /* pipesanddreams.2.mp3 in Resources */ = {isa = PBXBuildFile; fileRef = BE8E569B1C0C0FBC0076CECA /* pipesanddreams.2.mp3 */; };
		BE8E56A41C0C0FBC0076CECA /* pipesanddreams.3.mp3 in Resources */ = {isa = PBXBuildFile; fileRef = BE8E569C1C0C0FBC0076CECA /* pipesanddreams.3.mp3 */; };
		BE8E56A51C0C0FBC0076CECA /* pipesanddreams.4.mp3 in Resources */ = {isa = PBXBuildFile; fileRef = BE8E569D1C0C0FBC0076CECA /* pipesanddreams.4.mp3 */; };
		BE8E56A61C0C0FBC0076CECA /* pipesanddreams.5.mp3 in Resources */ = {isa = PBXBuildFile; fileRef = BE8E569E1C0C0FBC0076CECA /* pipesanddreams.5.mp3 */; };
		BE8E56A71C0C0FBC0076CECA /* pipesanddreams.6.mp3 in Resources */ = {isa = PBXBuildFile; fileRef = BE8E569F1C0C0FBC0076CECA /* pipesanddreams.6.mp3 */; };
		BE8E56A81C0C0FBC0076CECA /* pipesanddreams.7.mp3 in Resources */ = {isa = PBXBuildFile; fileRef = BE8E56A01C0C0FBC0076CECA /* pipesanddreams.7.mp3 */; };
		BE8E56A91C0C0FBC0076CECA /* pipesanddreams.8.mp3 in Resources */ = {isa = PBXBuildFile; fileRef = BE8E56A11C0C0FBC0076CECA /* pipesanddreams.8.mp3 */; };
		BE8E56B21C0C10770076CECA /* awaketooearly.1.mp3 in Resources */ = {isa = PBXBuildFile; fileRef = BE8E56AB1C0C10770076CECA /* awaketooearly.1.mp3 */; };
		BE8E56B41C0C10770076CECA /* awaketooearly.3.mp3 in Resources */ = {isa = PBXBuildFile; fileRef = BE8E56AD1C0C10770076CECA /* awaketooearly.3.mp3 */; };
		BE8E56B51C0C10770076CECA /* awaketooearly.4.mp3 in Resources */ = {isa = PBXBuildFile; fileRef = BE8E56AE1C0C10770076CECA /* awaketooearly.4.mp3 */; };
		BE8E56B61C0C10770076CECA /* awaketooearly.5.mp3 in Resources */ = {isa = PBXBuildFile; fileRef = BE8E56AF1C0C10770076CECA /* awaketooearly.5.mp3 */; };
		BE8E56B71C0C10770076CECA /* awaketooearly.6.mp3 in Resources */ = {isa = PBXBuildFile; fileRef = BE8E56B01C0C10770076CECA /* awaketooearly.6.mp3 */; };
		BE8E56B81C0C10770076CECA /* awaketooearly.7.mp3 in Resources */ = {isa = PBXBuildFile; fileRef = BE8E56B11C0C10770076CECA /* awaketooearly.7.mp3 */; };
		BE8E56BA1C0C110A0076CECA /* awaketooearly.2.mp3 in Resources */ = {isa = PBXBuildFile; fileRef = BE8E56B91C0C110A0076CECA /* awaketooearly.2.mp3 */; };
		BE8E56C21C0C11340076CECA /* valentinevignettes.1.mp3 in Resources */ = {isa = PBXBuildFile; fileRef = BE8E56BC1C0C11340076CECA /* valentinevignettes.1.mp3 */; };
		BE8E56C31C0C11340076CECA /* valentinevignettes.2.mp3 in Resources */ = {isa = PBXBuildFile; fileRef = BE8E56BD1C0C11340076CECA /* valentinevignettes.2.mp3 */; };
		BE8E56C41C0C11340076CECA /* valentinevignettes.3.mp3 in Resources */ = {isa = PBXBuildFile; fileRef = BE8E56BE1C0C11340076CECA /* valentinevignettes.3.mp3 */; };
		BE8E56C51C0C11340076CECA /* valentinevignettes.4.mp3 in Resources */ = {isa = PBXBuildFile; fileRef = BE8E56BF1C0C11340076CECA /* valentinevignettes.4.mp3 */; };
		BE8E56C61C0C11340076CECA /* valentinevignettes.5.mp3 in Resources */ = {isa = PBXBuildFile; fileRef = BE8E56C01C0C11340076CECA /* valentinevignettes.5.mp3 */; };
		BE8E56C71C0C11340076CECA /* valentinevignettes.6.mp3 in Resources */ = {isa = PBXBuildFile; fileRef = BE8E56C11C0C11340076CECA /* valentinevignettes.6.mp3 */; };
/* End PBXBuildFile section */

/* Begin PBXContainerItemProxy section */
		BE8E56001C0AD85D0076CECA /* PBXContainerItemProxy */ = {
			isa = PBXContainerItemProxy;
			containerPortal = BE8E55DB1C0AD85D0076CECA /* Project object */;
			proxyType = 1;
			remoteGlobalIDString = BE8E55E21C0AD85D0076CECA;
			remoteInfo = MusicPlayer;
		};
		BE8E560B1C0AD85D0076CECA /* PBXContainerItemProxy */ = {
			isa = PBXContainerItemProxy;
			containerPortal = BE8E55DB1C0AD85D0076CECA /* Project object */;
			proxyType = 1;
			remoteGlobalIDString = BE8E55E21C0AD85D0076CECA;
			remoteInfo = MusicPlayer;
		};
/* End PBXContainerItemProxy section */

/* Begin PBXFileReference section */
		BE8836591C0D0CD9003CF2C0 /* DetailCell.h */ = {isa = PBXFileReference; fileEncoding = 4; lastKnownFileType = sourcecode.c.h; path = DetailCell.h; sourceTree = "<group>"; };
		BE88365A1C0D0CD9003CF2C0 /* DetailCell.m */ = {isa = PBXFileReference; fileEncoding = 4; lastKnownFileType = sourcecode.c.objc; path = DetailCell.m; sourceTree = "<group>"; };
		BE8836611C0E7597003CF2C0 /* Catalog.h */ = {isa = PBXFileReference; fileEncoding = 4; lastKnownFileType = sourcecode.c.h; path = Catalog.h; sourceTree = "<group>"; };
		BE8836621C0E7597003CF2C0 /* Catalog.m */ = {isa = PBXFileReference; fileEncoding = 4; lastKnownFileType = sourcecode.c.objc; path = Catalog.m; sourceTree = "<group>"; };
		BE8836641C0E9490003CF2C0 /* next.png */ = {isa = PBXFileReference; lastKnownFileType = image.png; path = next.png; sourceTree = "<group>"; };
		BE8836651C0E9490003CF2C0 /* pause.png */ = {isa = PBXFileReference; lastKnownFileType = image.png; path = pause.png; sourceTree = "<group>"; };
		BE8836661C0E9490003CF2C0 /* play.png */ = {isa = PBXFileReference; lastKnownFileType = image.png; path = play.png; sourceTree = "<group>"; };
		BE8836671C0E9490003CF2C0 /* previous.png */ = {isa = PBXFileReference; lastKnownFileType = image.png; path = previous.png; sourceTree = "<group>"; };
		BE88366C1C0EC82F003CF2C0 /* thisTrackIsPlaying.png */ = {isa = PBXFileReference; lastKnownFileType = image.png; path = thisTrackIsPlaying.png; sourceTree = "<group>"; };
		BE88366E1C0EDB9F003CF2C0 /* note.png */ = {isa = PBXFileReference; lastKnownFileType = image.png; path = note.png; sourceTree = "<group>"; };
		BE8836721C0EE8F8003CF2C0 /* UIColor+MyColors.h */ = {isa = PBXFileReference; fileEncoding = 4; lastKnownFileType = sourcecode.c.h; path = "UIColor+MyColors.h"; sourceTree = "<group>"; };
		BE8836731C0EE8F8003CF2C0 /* UIColor+MyColors.m */ = {isa = PBXFileReference; fileEncoding = 4; lastKnownFileType = sourcecode.c.objc; path = "UIColor+MyColors.m"; sourceTree = "<group>"; };
		BE8836791C0EEE16003CF2C0 /* note_disabled.png */ = {isa = PBXFileReference; lastKnownFileType = image.png; path = note_disabled.png; sourceTree = "<group>"; };
		BE8E55E31C0AD85D0076CECA /* MusicPlayer.app */ = {isa = PBXFileReference; explicitFileType = wrapper.application; includeInIndex = 0; path = MusicPlayer.app; sourceTree = BUILT_PRODUCTS_DIR; };
		BE8E55E71C0AD85D0076CECA /* main.m */ = {isa = PBXFileReference; lastKnownFileType = sourcecode.c.objc; path = main.m; sourceTree = "<group>"; };
		BE8E55E91C0AD85D0076CECA /* AppDelegate.h */ = {isa = PBXFileReference; lastKnownFileType = sourcecode.c.h; path = AppDelegate.h; sourceTree = "<group>"; };
		BE8E55EA1C0AD85D0076CECA /* AppDelegate.m */ = {isa = PBXFileReference; lastKnownFileType = sourcecode.c.objc; path = AppDelegate.m; sourceTree = "<group>"; };
		BE8E55EC1C0AD85D0076CECA /* MasterViewController.h */ = {isa = PBXFileReference; lastKnownFileType = sourcecode.c.h; path = MasterViewController.h; sourceTree = "<group>"; };
		BE8E55ED1C0AD85D0076CECA /* MasterViewController.m */ = {isa = PBXFileReference; lastKnownFileType = sourcecode.c.objc; path = MasterViewController.m; sourceTree = "<group>"; };
		BE8E55EF1C0AD85D0076CECA /* DetailViewController.h */ = {isa = PBXFileReference; lastKnownFileType = sourcecode.c.h; path = DetailViewController.h; sourceTree = "<group>"; };
		BE8E55F01C0AD85D0076CECA /* DetailViewController.m */ = {isa = PBXFileReference; lastKnownFileType = sourcecode.c.objc; path = DetailViewController.m; sourceTree = "<group>"; };
		BE8E55F31C0AD85D0076CECA /* Base */ = {isa = PBXFileReference; lastKnownFileType = file.storyboard; name = Base; path = Base.lproj/Main.storyboard; sourceTree = "<group>"; };
		BE8E55F51C0AD85D0076CECA /* Assets.xcassets */ = {isa = PBXFileReference; lastKnownFileType = folder.assetcatalog; path = Assets.xcassets; sourceTree = "<group>"; };
		BE8E55F81C0AD85D0076CECA /* Base */ = {isa = PBXFileReference; lastKnownFileType = file.storyboard; name = Base; path = Base.lproj/LaunchScreen.storyboard; sourceTree = "<group>"; };
		BE8E55FA1C0AD85D0076CECA /* Info.plist */ = {isa = PBXFileReference; lastKnownFileType = text.plist.xml; path = Info.plist; sourceTree = "<group>"; };
		BE8E55FF1C0AD85D0076CECA /* MusicPlayerTests.xctest */ = {isa = PBXFileReference; explicitFileType = wrapper.cfbundle; includeInIndex = 0; path = MusicPlayerTests.xctest; sourceTree = BUILT_PRODUCTS_DIR; };
		BE8E56031C0AD85D0076CECA /* MusicPlayerTests.m */ = {isa = PBXFileReference; lastKnownFileType = sourcecode.c.objc; path = MusicPlayerTests.m; sourceTree = "<group>"; };
		BE8E56051C0AD85D0076CECA /* Info.plist */ = {isa = PBXFileReference; lastKnownFileType = text.plist.xml; path = Info.plist; sourceTree = "<group>"; };
		BE8E560A1C0AD85D0076CECA /* MusicPlayerUITests.xctest */ = {isa = PBXFileReference; explicitFileType = wrapper.cfbundle; includeInIndex = 0; path = MusicPlayerUITests.xctest; sourceTree = BUILT_PRODUCTS_DIR; };
		BE8E560E1C0AD85D0076CECA /* MusicPlayerUITests.m */ = {isa = PBXFileReference; lastKnownFileType = sourcecode.c.objc; path = MusicPlayerUITests.m; sourceTree = "<group>"; };
		BE8E56101C0AD85D0076CECA /* Info.plist */ = {isa = PBXFileReference; lastKnownFileType = text.plist.xml; path = Info.plist; sourceTree = "<group>"; };
		BE8E56211C0AD8920076CECA /* slow.1.mp3 */ = {isa = PBXFileReference; lastKnownFileType = audio.mp3; path = slow.1.mp3; sourceTree = "<group>"; };
		BE8E56221C0AD8920076CECA /* slow.2.mp3 */ = {isa = PBXFileReference; lastKnownFileType = audio.mp3; path = slow.2.mp3; sourceTree = "<group>"; };
		BE8E56231C0AD8920076CECA /* slow.3.mp3 */ = {isa = PBXFileReference; lastKnownFileType = audio.mp3; path = slow.3.mp3; sourceTree = "<group>"; };
		BE8E56241C0AD8920076CECA /* slow.4.mp3 */ = {isa = PBXFileReference; lastKnownFileType = audio.mp3; path = slow.4.mp3; sourceTree = "<group>"; };
		BE8E56251C0AD8920076CECA /* slow.5.mp3 */ = {isa = PBXFileReference; lastKnownFileType = audio.mp3; path = slow.5.mp3; sourceTree = "<group>"; };
		BE8E56261C0AD8920076CECA /* slow.6.mp3 */ = {isa = PBXFileReference; lastKnownFileType = audio.mp3; path = slow.6.mp3; sourceTree = "<group>"; };
		BE8E56271C0AD8920076CECA /* slow.7.mp3 */ = {isa = PBXFileReference; lastKnownFileType = audio.mp3; path = slow.7.mp3; sourceTree = "<group>"; };
		BE8E56281C0AD8920076CECA /* slow.8.mp3 */ = {isa = PBXFileReference; lastKnownFileType = audio.mp3; path = slow.8.mp3; sourceTree = "<group>"; };
		BE8E56291C0AD8920076CECA /* slow.9.mp3 */ = {isa = PBXFileReference; lastKnownFileType = audio.mp3; path = slow.9.mp3; sourceTree = "<group>"; };
		BE8E56331C0AD8E30076CECA /* awaketooearly.100.jpg */ = {isa = PBXFileReference; lastKnownFileType = image.jpeg; path = awaketooearly.100.jpg; sourceTree = "<group>"; };
		BE8E56341C0AD8E30076CECA /* birdsheart.100.jpg */ = {isa = PBXFileReference; lastKnownFileType = image.jpeg; path = birdsheart.100.jpg; sourceTree = "<group>"; };
		BE8E56351C0AD8E30076CECA /* pipesanddreams.100.jpg */ = {isa = PBXFileReference; lastKnownFileType = image.jpeg; path = pipesanddreams.100.jpg; sourceTree = "<group>"; };
		BE8E56361C0AD8E30076CECA /* slow.100.jpg */ = {isa = PBXFileReference; lastKnownFileType = image.jpeg; path = slow.100.jpg; sourceTree = "<group>"; };
		BE8E56371C0AD8E30076CECA /* valentinevignettes.100.jpg */ = {isa = PBXFileReference; lastKnownFileType = image.jpeg; path = valentinevignettes.100.jpg; sourceTree = "<group>"; };
		BE8E563D1C0AD9130076CECA /* MasterCell.h */ = {isa = PBXFileReference; fileEncoding = 4; lastKnownFileType = sourcecode.c.h; path = MasterCell.h; sourceTree = "<group>"; };
		BE8E563E1C0AD9130076CECA /* MasterCell.m */ = {isa = PBXFileReference; fileEncoding = 4; lastKnownFileType = sourcecode.c.objc; path = MasterCell.m; sourceTree = "<group>"; };
		BE8E56421C0B5A6D0076CECA /* awaketooearly.375.jpg */ = {isa = PBXFileReference; lastKnownFileType = image.jpeg; path = awaketooearly.375.jpg; sourceTree = "<group>"; };
		BE8E56431C0B5A6D0076CECA /* birdsheart.375.jpg */ = {isa = PBXFileReference; lastKnownFileType = image.jpeg; path = birdsheart.375.jpg; sourceTree = "<group>"; };
		BE8E56441C0B5A6D0076CECA /* pipesanddreams.375.jpg */ = {isa = PBXFileReference; lastKnownFileType = image.jpeg; path = pipesanddreams.375.jpg; sourceTree = "<group>"; };
		BE8E56451C0B5A6D0076CECA /* slow.375.jpg */ = {isa = PBXFileReference; lastKnownFileType = image.jpeg; path = slow.375.jpg; sourceTree = "<group>"; };
		BE8E56461C0B5A6D0076CECA /* valentinevignettes.375.jpg */ = {isa = PBXFileReference; lastKnownFileType = image.jpeg; path = valentinevignettes.375.jpg; sourceTree = "<group>"; };
		BE8E564D1C0B65910076CECA /* Album.h */ = {isa = PBXFileReference; fileEncoding = 4; lastKnownFileType = sourcecode.c.h; path = Album.h; sourceTree = "<group>"; };
		BE8E564E1C0B65910076CECA /* Album.m */ = {isa = PBXFileReference; fileEncoding = 4; lastKnownFileType = sourcecode.c.objc; path = Album.m; sourceTree = "<group>"; };
		BE8E56661C0BF6B80076CECA /* awaketooearly.1400.jpg */ = {isa = PBXFileReference; lastKnownFileType = image.jpeg; path = awaketooearly.1400.jpg; sourceTree = "<group>"; };
		BE8E56671C0BF6B80076CECA /* birdsheart.1400.jpg */ = {isa = PBXFileReference; lastKnownFileType = image.jpeg; path = birdsheart.1400.jpg; sourceTree = "<group>"; };
		BE8E56681C0BF6B80076CECA /* slow.1400.jpg */ = {isa = PBXFileReference; lastKnownFileType = image.jpeg; path = slow.1400.jpg; sourceTree = "<group>"; };
		BE8E56691C0BF6B80076CECA /* valentinevignettes.1400.jpg */ = {isa = PBXFileReference; lastKnownFileType = image.jpeg; path = valentinevignettes.1400.jpg; sourceTree = "<group>"; };
		BE8E566A1C0BF6B80076CECA /* pipesanddreams.1400.jpg */ = {isa = PBXFileReference; lastKnownFileType = image.jpeg; path = pipesanddreams.1400.jpg; sourceTree = "<group>"; };
		BE8E56711C0BFBCB0076CECA /* Player.h */ = {isa = PBXFileReference; fileEncoding = 4; lastKnownFileType = sourcecode.c.h; path = Player.h; sourceTree = "<group>"; };
		BE8E56721C0BFBCB0076CECA /* Player.m */ = {isa = PBXFileReference; fileEncoding = 4; lastKnownFileType = sourcecode.c.objc; path = Player.m; sourceTree = "<group>"; };
		BE8E56771C0C0C1A0076CECA /* birdsheart.3.mp3 */ = {isa = PBXFileReference; lastKnownFileType = audio.mp3; path = birdsheart.3.mp3; sourceTree = "<group>"; };
		BE8E56781C0C0C1A0076CECA /* birdsheart.4.mp3 */ = {isa = PBXFileReference; lastKnownFileType = audio.mp3; path = birdsheart.4.mp3; sourceTree = "<group>"; };
		BE8E56791C0C0C1A0076CECA /* birdsheart.5.mp3 */ = {isa = PBXFileReference; lastKnownFileType = audio.mp3; path = birdsheart.5.mp3; sourceTree = "<group>"; };
		BE8E567A1C0C0C1A0076CECA /* birdsheart.6.mp3 */ = {isa = PBXFileReference; lastKnownFileType = audio.mp3; path = birdsheart.6.mp3; sourceTree = "<group>"; };
		BE8E567B1C0C0C1A0076CECA /* birdsheart.7.mp3 */ = {isa = PBXFileReference; lastKnownFileType = audio.mp3; path = birdsheart.7.mp3; sourceTree = "<group>"; };
		BE8E567E1C0C0C1A0076CECA /* birdsheart.10.mp3 */ = {isa = PBXFileReference; lastKnownFileType = audio.mp3; path = birdsheart.10.mp3; sourceTree = "<group>"; };
		BE8E567F1C0C0C1A0076CECA /* birdsheart.11.mp3 */ = {isa = PBXFileReference; lastKnownFileType = audio.mp3; path = birdsheart.11.mp3; sourceTree = "<group>"; };
		BE8E56801C0C0C1A0076CECA /* birdsheart.12.mp3 */ = {isa = PBXFileReference; lastKnownFileType = audio.mp3; path = birdsheart.12.mp3; sourceTree = "<group>"; };
		BE8E56811C0C0C1A0076CECA /* birdsheart.13.mp3 */ = {isa = PBXFileReference; lastKnownFileType = audio.mp3; path = birdsheart.13.mp3; sourceTree = "<group>"; };
		BE8E56821C0C0C1A0076CECA /* birdsheart.14.mp3 */ = {isa = PBXFileReference; lastKnownFileType = audio.mp3; path = birdsheart.14.mp3; sourceTree = "<group>"; };
		BE8E56911C0C0ECF0076CECA /* birdsheart.1.mp3 */ = {isa = PBXFileReference; lastKnownFileType = audio.mp3; path = birdsheart.1.mp3; sourceTree = "<group>"; };
		BE8E56921C0C0ECF0076CECA /* birdsheart.2.mp3 */ = {isa = PBXFileReference; lastKnownFileType = audio.mp3; path = birdsheart.2.mp3; sourceTree = "<group>"; };
		BE8E56931C0C0ECF0076CECA /* birdsheart.8.mp3 */ = {isa = PBXFileReference; lastKnownFileType = audio.mp3; path = birdsheart.8.mp3; sourceTree = "<group>"; };
		BE8E56941C0C0ECF0076CECA /* birdsheart.9.mp3 */ = {isa = PBXFileReference; lastKnownFileType = audio.mp3; path = birdsheart.9.mp3; sourceTree = "<group>"; };
		BE8E569A1C0C0FBC0076CECA /* pipesanddreams.1.mp3 */ = {isa = PBXFileReference; lastKnownFileType = audio.mp3; path = pipesanddreams.1.mp3; sourceTree = "<group>"; };
		BE8E569B1C0C0FBC0076CECA /* pipesanddreams.2.mp3 */ = {isa = PBXFileReference; lastKnownFileType = audio.mp3; path = pipesanddreams.2.mp3; sourceTree = "<group>"; };
		BE8E569C1C0C0FBC0076CECA /* pipesanddreams.3.mp3 */ = {isa = PBXFileReference; lastKnownFileType = audio.mp3; path = pipesanddreams.3.mp3; sourceTree = "<group>"; };
		BE8E569D1C0C0FBC0076CECA /* pipesanddreams.4.mp3 */ = {isa = PBXFileReference; lastKnownFileType = audio.mp3; path = pipesanddreams.4.mp3; sourceTree = "<group>"; };
		BE8E569E1C0C0FBC0076CECA /* pipesanddreams.5.mp3 */ = {isa = PBXFileReference; lastKnownFileType = audio.mp3; path = pipesanddreams.5.mp3; sourceTree = "<group>"; };
		BE8E569F1C0C0FBC0076CECA /* pipesanddreams.6.mp3 */ = {isa = PBXFileReference; lastKnownFileType = audio.mp3; path = pipesanddreams.6.mp3; sourceTree = "<group>"; };
		BE8E56A01C0C0FBC0076CECA /* pipesanddreams.7.mp3 */ = {isa = PBXFileReference; lastKnownFileType = audio.mp3; path = pipesanddreams.7.mp3; sourceTree = "<group>"; };
		BE8E56A11C0C0FBC0076CECA /* pipesanddreams.8.mp3 */ = {isa = PBXFileReference; lastKnownFileType = audio.mp3; path = pipesanddreams.8.mp3; sourceTree = "<group>"; };
		BE8E56AB1C0C10770076CECA /* awaketooearly.1.mp3 */ = {isa = PBXFileReference; lastKnownFileType = audio.mp3; path = awaketooearly.1.mp3; sourceTree = "<group>"; };
		BE8E56AD1C0C10770076CECA /* awaketooearly.3.mp3 */ = {isa = PBXFileReference; lastKnownFileType = audio.mp3; path = awaketooearly.3.mp3; sourceTree = "<group>"; };
		BE8E56AE1C0C10770076CECA /* awaketooearly.4.mp3 */ = {isa = PBXFileReference; lastKnownFileType = audio.mp3; path = awaketooearly.4.mp3; sourceTree = "<group>"; };
		BE8E56AF1C0C10770076CECA /* awaketooearly.5.mp3 */ = {isa = PBXFileReference; lastKnownFileType = audio.mp3; path = awaketooearly.5.mp3; sourceTree = "<group>"; };
		BE8E56B01C0C10770076CECA /* awaketooearly.6.mp3 */ = {isa = PBXFileReference; lastKnownFileType = audio.mp3; path = awaketooearly.6.mp3; sourceTree = "<group>"; };
		BE8E56B11C0C10770076CECA /* awaketooearly.7.mp3 */ = {isa = PBXFileReference; lastKnownFileType = audio.mp3; path = awaketooearly.7.mp3; sourceTree = "<group>"; };
		BE8E56B91C0C110A0076CECA /* awaketooearly.2.mp3 */ = {isa = PBXFileReference; lastKnownFileType = audio.mp3; path = awaketooearly.2.mp3; sourceTree = "<group>"; };
		BE8E56BC1C0C11340076CECA /* valentinevignettes.1.mp3 */ = {isa = PBXFileReference; lastKnownFileType = audio.mp3; path = valentinevignettes.1.mp3; sourceTree = "<group>"; };
		BE8E56BD1C0C11340076CECA /* valentinevignettes.2.mp3 */ = {isa = PBXFileReference; lastKnownFileType = audio.mp3; path = valentinevignettes.2.mp3; sourceTree = "<group>"; };
		BE8E56BE1C0C11340076CECA /* valentinevignettes.3.mp3 */ = {isa = PBXFileReference; lastKnownFileType = audio.mp3; path = valentinevignettes.3.mp3; sourceTree = "<group>"; };
		BE8E56BF1C0C11340076CECA /* valentinevignettes.4.mp3 */ = {isa = PBXFileReference; lastKnownFileType = audio.mp3; path = valentinevignettes.4.mp3; sourceTree = "<group>"; };
		BE8E56C01C0C11340076CECA /* valentinevignettes.5.mp3 */ = {isa = PBXFileReference; lastKnownFileType = audio.mp3; path = valentinevignettes.5.mp3; sourceTree = "<group>"; };
		BE8E56C11C0C11340076CECA /* valentinevignettes.6.mp3 */ = {isa = PBXFileReference; lastKnownFileType = audio.mp3; path = valentinevignettes.6.mp3; sourceTree = "<group>"; };
/* End PBXFileReference section */

/* Begin PBXFrameworksBuildPhase section */
		BE8E55E01C0AD85D0076CECA /* Frameworks */ = {
			isa = PBXFrameworksBuildPhase;
			buildActionMask = 2147483647;
			files = (
			);
			runOnlyForDeploymentPostprocessing = 0;
		};
		BE8E55FC1C0AD85D0076CECA /* Frameworks */ = {
			isa = PBXFrameworksBuildPhase;
			buildActionMask = 2147483647;
			files = (
			);
			runOnlyForDeploymentPostprocessing = 0;
		};
		BE8E56071C0AD85D0076CECA /* Frameworks */ = {
			isa = PBXFrameworksBuildPhase;
			buildActionMask = 2147483647;
			files = (
			);
			runOnlyForDeploymentPostprocessing = 0;
		};
/* End PBXFrameworksBuildPhase section */

/* Begin PBXGroup section */
		BE8E55DA1C0AD85D0076CECA = {
			isa = PBXGroup;
			children = (
				BE8836721C0EE8F8003CF2C0 /* UIColor+MyColors.h */,
				BE8836731C0EE8F8003CF2C0 /* UIColor+MyColors.m */,
				BE8E55E51C0AD85D0076CECA /* MusicPlayer */,
				BE8E56021C0AD85D0076CECA /* MusicPlayerTests */,
				BE8E560D1C0AD85D0076CECA /* MusicPlayerUITests */,
				BE8E55E41C0AD85D0076CECA /* Products */,
			);
			sourceTree = "<group>";
		};
		BE8E55E41C0AD85D0076CECA /* Products */ = {
			isa = PBXGroup;
			children = (
				BE8E55E31C0AD85D0076CECA /* MusicPlayer.app */,
				BE8E55FF1C0AD85D0076CECA /* MusicPlayerTests.xctest */,
				BE8E560A1C0AD85D0076CECA /* MusicPlayerUITests.xctest */,
			);
			name = Products;
			sourceTree = "<group>";
		};
		BE8E55E51C0AD85D0076CECA /* MusicPlayer */ = {
			isa = PBXGroup;
			children = (
				BE8E55E71C0AD85D0076CECA /* main.m */,
				BE8E55E91C0AD85D0076CECA /* AppDelegate.h */,
				BE8E55EA1C0AD85D0076CECA /* AppDelegate.m */,
				BE8E561C1C0AD8690076CECA /* Master */,
				BE8E561D1C0AD8710076CECA /* Detail */,
				BE8E55F21C0AD85D0076CECA /* Main.storyboard */,
				BE8E55F51C0AD85D0076CECA /* Assets.xcassets */,
				BE8E55F71C0AD85D0076CECA /* LaunchScreen.storyboard */,
				BE8E55FA1C0AD85D0076CECA /* Info.plist */,
				BE8E55E61C0AD85D0076CECA /* Supporting Files */,
				BE8E564D1C0B65910076CECA /* Album.h */,
				BE8E564E1C0B65910076CECA /* Album.m */,
				BE8836611C0E7597003CF2C0 /* Catalog.h */,
				BE8836621C0E7597003CF2C0 /* Catalog.m */,
				BE8E56711C0BFBCB0076CECA /* Player.h */,
				BE8E56721C0BFBCB0076CECA /* Player.m */,
			);
			path = MusicPlayer;
			sourceTree = "<group>";
		};
		BE8E55E61C0AD85D0076CECA /* Supporting Files */ = {
			isa = PBXGroup;
			children = (
				BE8E561F1C0AD8850076CECA /* music */,
				BE8E561E1C0AD87C0076CECA /* images */,
				BE8836641C0E9490003CF2C0 /* next.png */,
				BE8836651C0E9490003CF2C0 /* pause.png */,
				BE8836661C0E9490003CF2C0 /* play.png */,
				BE8836671C0E9490003CF2C0 /* previous.png */,
				BE8836791C0EEE16003CF2C0 /* note_disabled.png */,
				BE88366E1C0EDB9F003CF2C0 /* note.png */,
				BE88366C1C0EC82F003CF2C0 /* thisTrackIsPlaying.png */,
			);
			name = "Supporting Files";
			sourceTree = "<group>";
		};
		BE8E56021C0AD85D0076CECA /* MusicPlayerTests */ = {
			isa = PBXGroup;
			children = (
				BE8E56031C0AD85D0076CECA /* MusicPlayerTests.m */,
				BE8E56051C0AD85D0076CECA /* Info.plist */,
			);
			path = MusicPlayerTests;
			sourceTree = "<group>";
		};
		BE8E560D1C0AD85D0076CECA /* MusicPlayerUITests */ = {
			isa = PBXGroup;
			children = (
				BE8E560E1C0AD85D0076CECA /* MusicPlayerUITests.m */,
				BE8E56101C0AD85D0076CECA /* Info.plist */,
			);
			path = MusicPlayerUITests;
			sourceTree = "<group>";
		};
		BE8E561C1C0AD8690076CECA /* Master */ = {
			isa = PBXGroup;
			children = (
				BE8E55EC1C0AD85D0076CECA /* MasterViewController.h */,
				BE8E55ED1C0AD85D0076CECA /* MasterViewController.m */,
				BE8E563D1C0AD9130076CECA /* MasterCell.h */,
				BE8E563E1C0AD9130076CECA /* MasterCell.m */,
			);
			name = Master;
			sourceTree = "<group>";
		};
		BE8E561D1C0AD8710076CECA /* Detail */ = {
			isa = PBXGroup;
			children = (
				BE8836591C0D0CD9003CF2C0 /* DetailCell.h */,
				BE88365A1C0D0CD9003CF2C0 /* DetailCell.m */,
				BE8E55EF1C0AD85D0076CECA /* DetailViewController.h */,
				BE8E55F01C0AD85D0076CECA /* DetailViewController.m */,
			);
			name = Detail;
			sourceTree = "<group>";
		};
		BE8E561E1C0AD87C0076CECA /* images */ = {
			isa = PBXGroup;
			children = (
				BE8E56411C0B5A5B0076CECA /* 100x100 album covers */,
				BE8E564C1C0B5A720076CECA /* 375x375 album covers */,
				BE8E56701C0BF6C00076CECA /* 1400x1400 album covers */,
			);
			name = images;
			sourceTree = "<group>";
		};
		BE8E561F1C0AD8850076CECA /* music */ = {
			isa = PBXGroup;
			children = (
				BE8E56BB1C0C111B0076CECA /* valentinevignettes */,
				BE8E56AA1C0C102D0076CECA /* awaketooearly */,
				BE8E56991C0C0FAE0076CECA /* pipesanddreams */,
				BE8E56741C0C0C0A0076CECA /* birdsheart */,
				BE8E56201C0AD88A0076CECA /* slow */,
			);
			name = music;
			sourceTree = "<group>";
		};
		BE8E56201C0AD88A0076CECA /* slow */ = {
			isa = PBXGroup;
			children = (
				BE8E56211C0AD8920076CECA /* slow.1.mp3 */,
				BE8E56221C0AD8920076CECA /* slow.2.mp3 */,
				BE8E56231C0AD8920076CECA /* slow.3.mp3 */,
				BE8E56241C0AD8920076CECA /* slow.4.mp3 */,
				BE8E56251C0AD8920076CECA /* slow.5.mp3 */,
				BE8E56261C0AD8920076CECA /* slow.6.mp3 */,
				BE8E56271C0AD8920076CECA /* slow.7.mp3 */,
				BE8E56281C0AD8920076CECA /* slow.8.mp3 */,
				BE8E56291C0AD8920076CECA /* slow.9.mp3 */,
			);
			name = slow;
			sourceTree = "<group>";
		};
		BE8E56411C0B5A5B0076CECA /* 100x100 album covers */ = {
			isa = PBXGroup;
			children = (
				BE8E56331C0AD8E30076CECA /* awaketooearly.100.jpg */,
				BE8E56341C0AD8E30076CECA /* birdsheart.100.jpg */,
				BE8E56351C0AD8E30076CECA /* pipesanddreams.100.jpg */,
				BE8E56361C0AD8E30076CECA /* slow.100.jpg */,
				BE8E56371C0AD8E30076CECA /* valentinevignettes.100.jpg */,
			);
			name = "100x100 album covers";
			sourceTree = "<group>";
		};
		BE8E564C1C0B5A720076CECA /* 375x375 album covers */ = {
			isa = PBXGroup;
			children = (
				BE8E56421C0B5A6D0076CECA /* awaketooearly.375.jpg */,
				BE8E56431C0B5A6D0076CECA /* birdsheart.375.jpg */,
				BE8E56441C0B5A6D0076CECA /* pipesanddreams.375.jpg */,
				BE8E56451C0B5A6D0076CECA /* slow.375.jpg */,
				BE8E56461C0B5A6D0076CECA /* valentinevignettes.375.jpg */,
			);
			name = "375x375 album covers";
			sourceTree = "<group>";
		};
		BE8E56701C0BF6C00076CECA /* 1400x1400 album covers */ = {
			isa = PBXGroup;
			children = (
				BE8E56661C0BF6B80076CECA /* awaketooearly.1400.jpg */,
				BE8E56671C0BF6B80076CECA /* birdsheart.1400.jpg */,
				BE8E56681C0BF6B80076CECA /* slow.1400.jpg */,
				BE8E56691C0BF6B80076CECA /* valentinevignettes.1400.jpg */,
				BE8E566A1C0BF6B80076CECA /* pipesanddreams.1400.jpg */,
			);
			name = "1400x1400 album covers";
			sourceTree = "<group>";
		};
		BE8E56741C0C0C0A0076CECA /* birdsheart */ = {
			isa = PBXGroup;
			children = (
				BE8E56911C0C0ECF0076CECA /* birdsheart.1.mp3 */,
				BE8E56921C0C0ECF0076CECA /* birdsheart.2.mp3 */,
				BE8E56931C0C0ECF0076CECA /* birdsheart.8.mp3 */,
				BE8E56941C0C0ECF0076CECA /* birdsheart.9.mp3 */,
				BE8E56771C0C0C1A0076CECA /* birdsheart.3.mp3 */,
				BE8E56781C0C0C1A0076CECA /* birdsheart.4.mp3 */,
				BE8E56791C0C0C1A0076CECA /* birdsheart.5.mp3 */,
				BE8E567A1C0C0C1A0076CECA /* birdsheart.6.mp3 */,
				BE8E567B1C0C0C1A0076CECA /* birdsheart.7.mp3 */,
				BE8E567E1C0C0C1A0076CECA /* birdsheart.10.mp3 */,
				BE8E567F1C0C0C1A0076CECA /* birdsheart.11.mp3 */,
				BE8E56801C0C0C1A0076CECA /* birdsheart.12.mp3 */,
				BE8E56811C0C0C1A0076CECA /* birdsheart.13.mp3 */,
				BE8E56821C0C0C1A0076CECA /* birdsheart.14.mp3 */,
			);
			name = birdsheart;
			sourceTree = "<group>";
		};
		BE8E56991C0C0FAE0076CECA /* pipesanddreams */ = {
			isa = PBXGroup;
			children = (
				BE8E569A1C0C0FBC0076CECA /* pipesanddreams.1.mp3 */,
				BE8E569B1C0C0FBC0076CECA /* pipesanddreams.2.mp3 */,
				BE8E569C1C0C0FBC0076CECA /* pipesanddreams.3.mp3 */,
				BE8E569D1C0C0FBC0076CECA /* pipesanddreams.4.mp3 */,
				BE8E569E1C0C0FBC0076CECA /* pipesanddreams.5.mp3 */,
				BE8E569F1C0C0FBC0076CECA /* pipesanddreams.6.mp3 */,
				BE8E56A01C0C0FBC0076CECA /* pipesanddreams.7.mp3 */,
				BE8E56A11C0C0FBC0076CECA /* pipesanddreams.8.mp3 */,
			);
			name = pipesanddreams;
			sourceTree = "<group>";
		};
		BE8E56AA1C0C102D0076CECA /* awaketooearly */ = {
			isa = PBXGroup;
			children = (
				BE8E56AB1C0C10770076CECA /* awaketooearly.1.mp3 */,
				BE8E56B91C0C110A0076CECA /* awaketooearly.2.mp3 */,
				BE8E56AD1C0C10770076CECA /* awaketooearly.3.mp3 */,
				BE8E56AE1C0C10770076CECA /* awaketooearly.4.mp3 */,
				BE8E56AF1C0C10770076CECA /* awaketooearly.5.mp3 */,
				BE8E56B01C0C10770076CECA /* awaketooearly.6.mp3 */,
				BE8E56B11C0C10770076CECA /* awaketooearly.7.mp3 */,
			);
			name = awaketooearly;
			sourceTree = "<group>";
		};
		BE8E56BB1C0C111B0076CECA /* valentinevignettes */ = {
			isa = PBXGroup;
			children = (
				BE8E56BC1C0C11340076CECA /* valentinevignettes.1.mp3 */,
				BE8E56BD1C0C11340076CECA /* valentinevignettes.2.mp3 */,
				BE8E56BE1C0C11340076CECA /* valentinevignettes.3.mp3 */,
				BE8E56BF1C0C11340076CECA /* valentinevignettes.4.mp3 */,
				BE8E56C01C0C11340076CECA /* valentinevignettes.5.mp3 */,
				BE8E56C11C0C11340076CECA /* valentinevignettes.6.mp3 */,
			);
			name = valentinevignettes;
			sourceTree = "<group>";
		};
/* End PBXGroup section */

/* Begin PBXNativeTarget section */
		BE8E55E21C0AD85D0076CECA /* MusicPlayer */ = {
			isa = PBXNativeTarget;
			buildConfigurationList = BE8E56131C0AD85D0076CECA /* Build configuration list for PBXNativeTarget "MusicPlayer" */;
			buildPhases = (
				BE8E55DF1C0AD85D0076CECA /* Sources */,
				BE8E55E01C0AD85D0076CECA /* Frameworks */,
				BE8E55E11C0AD85D0076CECA /* Resources */,
			);
			buildRules = (
			);
			dependencies = (
			);
			name = MusicPlayer;
			productName = MusicPlayer;
			productReference = BE8E55E31C0AD85D0076CECA /* MusicPlayer.app */;
			productType = "com.apple.product-type.application";
		};
		BE8E55FE1C0AD85D0076CECA /* MusicPlayerTests */ = {
			isa = PBXNativeTarget;
			buildConfigurationList = BE8E56161C0AD85D0076CECA /* Build configuration list for PBXNativeTarget "MusicPlayerTests" */;
			buildPhases = (
				BE8E55FB1C0AD85D0076CECA /* Sources */,
				BE8E55FC1C0AD85D0076CECA /* Frameworks */,
				BE8E55FD1C0AD85D0076CECA /* Resources */,
			);
			buildRules = (
			);
			dependencies = (
				BE8E56011C0AD85D0076CECA /* PBXTargetDependency */,
			);
			name = MusicPlayerTests;
			productName = MusicPlayerTests;
			productReference = BE8E55FF1C0AD85D0076CECA /* MusicPlayerTests.xctest */;
			productType = "com.apple.product-type.bundle.unit-test";
		};
		BE8E56091C0AD85D0076CECA /* MusicPlayerUITests */ = {
			isa = PBXNativeTarget;
			buildConfigurationList = BE8E56191C0AD85D0076CECA /* Build configuration list for PBXNativeTarget "MusicPlayerUITests" */;
			buildPhases = (
				BE8E56061C0AD85D0076CECA /* Sources */,
				BE8E56071C0AD85D0076CECA /* Frameworks */,
				BE8E56081C0AD85D0076CECA /* Resources */,
			);
			buildRules = (
			);
			dependencies = (
				BE8E560C1C0AD85D0076CECA /* PBXTargetDependency */,
			);
			name = MusicPlayerUITests;
			productName = MusicPlayerUITests;
			productReference = BE8E560A1C0AD85D0076CECA /* MusicPlayerUITests.xctest */;
			productType = "com.apple.product-type.bundle.ui-testing";
		};
/* End PBXNativeTarget section */

/* Begin PBXProject section */
		BE8E55DB1C0AD85D0076CECA /* Project object */ = {
			isa = PBXProject;
			attributes = {
				LastUpgradeCheck = 0710;
				ORGANIZATIONNAME = "Will Braynen";
				TargetAttributes = {
					BE8E55E21C0AD85D0076CECA = {
						CreatedOnToolsVersion = 7.1;
					};
					BE8E55FE1C0AD85D0076CECA = {
						CreatedOnToolsVersion = 7.1;
						TestTargetID = BE8E55E21C0AD85D0076CECA;
					};
					BE8E56091C0AD85D0076CECA = {
						CreatedOnToolsVersion = 7.1;
						TestTargetID = BE8E55E21C0AD85D0076CECA;
					};
				};
			};
			buildConfigurationList = BE8E55DE1C0AD85D0076CECA /* Build configuration list for PBXProject "MusicPlayer" */;
			compatibilityVersion = "Xcode 3.2";
			developmentRegion = English;
			hasScannedForEncodings = 0;
			knownRegions = (
				en,
				Base,
			);
			mainGroup = BE8E55DA1C0AD85D0076CECA;
			productRefGroup = BE8E55E41C0AD85D0076CECA /* Products */;
			projectDirPath = "";
			projectRoot = "";
			targets = (
				BE8E55E21C0AD85D0076CECA /* MusicPlayer */,
				BE8E55FE1C0AD85D0076CECA /* MusicPlayerTests */,
				BE8E56091C0AD85D0076CECA /* MusicPlayerUITests */,
			);
		};
/* End PBXProject section */

/* Begin PBXResourcesBuildPhase section */
		BE8E55E11C0AD85D0076CECA /* Resources */ = {
			isa = PBXResourcesBuildPhase;
			buildActionMask = 2147483647;
			files = (
				BE8E568F1C0C0C1A0076CECA /* birdsheart.13.mp3 in Resources */,
				BE88366D1C0EC82F003CF2C0 /* thisTrackIsPlaying.png in Resources */,
				BE8E56961C0C0ECF0076CECA /* birdsheart.2.mp3 in Resources */,
				BE8E55F91C0AD85D0076CECA /* LaunchScreen.storyboard in Resources */,
				BE8E56BA1C0C110A0076CECA /* awaketooearly.2.mp3 in Resources */,
				BE8E562B1C0AD8920076CECA /* slow.2.mp3 in Resources */,
				BE8E56A81C0C0FBC0076CECA /* pipesanddreams.7.mp3 in Resources */,
				BE8E56C31C0C11340076CECA /* valentinevignettes.2.mp3 in Resources */,
				BE8E566C1C0BF6B80076CECA /* birdsheart.1400.jpg in Resources */,
				BE8E56C51C0C11340076CECA /* valentinevignettes.4.mp3 in Resources */,
				BE8E56C71C0C11340076CECA /* valentinevignettes.6.mp3 in Resources */,
				BE8E563C1C0AD8E30076CECA /* valentinevignettes.100.jpg in Resources */,
				BE8E568D1C0C0C1A0076CECA /* birdsheart.11.mp3 in Resources */,
				BE88366F1C0EDB9F003CF2C0 /* note.png in Resources */,
				BE8E563A1C0AD8E30076CECA /* pipesanddreams.100.jpg in Resources */,
				BE8E56891C0C0C1A0076CECA /* birdsheart.7.mp3 in Resources */,
				BE8E56321C0AD8920076CECA /* slow.9.mp3 in Resources */,
				BE8E56C41C0C11340076CECA /* valentinevignettes.3.mp3 in Resources */,
				BE8E56301C0AD8920076CECA /* slow.7.mp3 in Resources */,
				BE8E566B1C0BF6B80076CECA /* awaketooearly.1400.jpg in Resources */,
				BE8E564B1C0B5A6D0076CECA /* valentinevignettes.375.jpg in Resources */,
				BE8E56A91C0C0FBC0076CECA /* pipesanddreams.8.mp3 in Resources */,
				BE8E56871C0C0C1A0076CECA /* birdsheart.5.mp3 in Resources */,
				BE8E56951C0C0ECF0076CECA /* birdsheart.1.mp3 in Resources */,
				BE8E56A61C0C0FBC0076CECA /* pipesanddreams.5.mp3 in Resources */,
				BE8E55F61C0AD85D0076CECA /* Assets.xcassets in Resources */,
				BE8E56B81C0C10770076CECA /* awaketooearly.7.mp3 in Resources */,
				BE8E56901C0C0C1A0076CECA /* birdsheart.14.mp3 in Resources */,
				BE8836691C0E9490003CF2C0 /* pause.png in Resources */,
				BE8E56B41C0C10770076CECA /* awaketooearly.3.mp3 in Resources */,
				BE88366A1C0E9490003CF2C0 /* play.png in Resources */,
				BE8E56B51C0C10770076CECA /* awaketooearly.4.mp3 in Resources */,
				BE8E56491C0B5A6D0076CECA /* pipesanddreams.375.jpg in Resources */,
				BE8E56391C0AD8E30076CECA /* birdsheart.100.jpg in Resources */,
				BE8E56861C0C0C1A0076CECA /* birdsheart.4.mp3 in Resources */,
				BE8E56A71C0C0FBC0076CECA /* pipesanddreams.6.mp3 in Resources */,
				BE8E568C1C0C0C1A0076CECA /* birdsheart.10.mp3 in Resources */,
				BE8E56381C0AD8E30076CECA /* awaketooearly.100.jpg in Resources */,
				BE8E566E1C0BF6B80076CECA /* valentinevignettes.1400.jpg in Resources */,
				BE8E566D1C0BF6B80076CECA /* slow.1400.jpg in Resources */,
				BE8E562D1C0AD8920076CECA /* slow.4.mp3 in Resources */,
				BE8E56471C0B5A6D0076CECA /* awaketooearly.375.jpg in Resources */,
				BE88366B1C0E9490003CF2C0 /* previous.png in Resources */,
				BE8E56A21C0C0FBC0076CECA /* pipesanddreams.1.mp3 in Resources */,
				BE8E56A41C0C0FBC0076CECA /* pipesanddreams.3.mp3 in Resources */,
				BE8E56C21C0C11340076CECA /* valentinevignettes.1.mp3 in Resources */,
				BE8E562C1C0AD8920076CECA /* slow.3.mp3 in Resources */,
				BE8E562A1C0AD8920076CECA /* slow.1.mp3 in Resources */,
				BE8E568E1C0C0C1A0076CECA /* birdsheart.12.mp3 in Resources */,
				BE8E562E1C0AD8920076CECA /* slow.5.mp3 in Resources */,
				BE8E563B1C0AD8E30076CECA /* slow.100.jpg in Resources */,
				BE8E56B61C0C10770076CECA /* awaketooearly.5.mp3 in Resources */,
				BE8E56B21C0C10770076CECA /* awaketooearly.1.mp3 in Resources */,
				BE8E56971C0C0ECF0076CECA /* birdsheart.8.mp3 in Resources */,
				BE8E56311C0AD8920076CECA /* slow.8.mp3 in Resources */,
				BE8E56851C0C0C1A0076CECA /* birdsheart.3.mp3 in Resources */,
				BE88367A1C0EEE16003CF2C0 /* note_disabled.png in Resources */,
				BE8E564A1C0B5A6D0076CECA /* slow.375.jpg in Resources */,
				BE8E56C61C0C11340076CECA /* valentinevignettes.5.mp3 in Resources */,
				BE8E56981C0C0ECF0076CECA /* birdsheart.9.mp3 in Resources */,
				BE8E56A31C0C0FBC0076CECA /* pipesanddreams.2.mp3 in Resources */,
				BE8E566F1C0BF6B80076CECA /* pipesanddreams.1400.jpg in Resources */,
				BE8E55F41C0AD85D0076CECA /* Main.storyboard in Resources */,
				BE8836681C0E9490003CF2C0 /* next.png in Resources */,
				BE8E56A51C0C0FBC0076CECA /* pipesanddreams.4.mp3 in Resources */,
				BE8E56881C0C0C1A0076CECA /* birdsheart.6.mp3 in Resources */,
				BE8E56481C0B5A6D0076CECA /* birdsheart.375.jpg in Resources */,
				BE8E56B71C0C10770076CECA /* awaketooearly.6.mp3 in Resources */,
				BE8E562F1C0AD8920076CECA /* slow.6.mp3 in Resources */,
			);
			runOnlyForDeploymentPostprocessing = 0;
		};
		BE8E55FD1C0AD85D0076CECA /* Resources */ = {
			isa = PBXResourcesBuildPhase;
			buildActionMask = 2147483647;
			files = (
			);
			runOnlyForDeploymentPostprocessing = 0;
		};
		BE8E56081C0AD85D0076CECA /* Resources */ = {
			isa = PBXResourcesBuildPhase;
			buildActionMask = 2147483647;
			files = (
			);
			runOnlyForDeploymentPostprocessing = 0;
		};
/* End PBXResourcesBuildPhase section */

/* Begin PBXSourcesBuildPhase section */
		BE8E55DF1C0AD85D0076CECA /* Sources */ = {
			isa = PBXSourcesBuildPhase;
			buildActionMask = 2147483647;
			files = (
				BE8E563F1C0AD9130076CECA /* MasterCell.m in Sources */,
				BE8E55EB1C0AD85D0076CECA /* AppDelegate.m in Sources */,
				BE8E55EE1C0AD85D0076CECA /* MasterViewController.m in Sources */,
				BE8836631C0E7597003CF2C0 /* Catalog.m in Sources */,
				BE8E564F1C0B65910076CECA /* Album.m in Sources */,
				BE8836741C0EE8F8003CF2C0 /* UIColor+MyColors.m in Sources */,
				BE8E55E81C0AD85D0076CECA /* main.m in Sources */,
				BE88365B1C0D0CD9003CF2C0 /* DetailCell.m in Sources */,
				BE8E56731C0BFBCB0076CECA /* Player.m in Sources */,
				BE8E55F11C0AD85D0076CECA /* DetailViewController.m in Sources */,
			);
			runOnlyForDeploymentPostprocessing = 0;
		};
		BE8E55FB1C0AD85D0076CECA /* Sources */ = {
			isa = PBXSourcesBuildPhase;
			buildActionMask = 2147483647;
			files = (
				BE8E56041C0AD85D0076CECA /* MusicPlayerTests.m in Sources */,
			);
			runOnlyForDeploymentPostprocessing = 0;
		};
		BE8E56061C0AD85D0076CECA /* Sources */ = {
			isa = PBXSourcesBuildPhase;
			buildActionMask = 2147483647;
			files = (
				BE8E560F1C0AD85D0076CECA /* MusicPlayerUITests.m in Sources */,
			);
			runOnlyForDeploymentPostprocessing = 0;
		};
/* End PBXSourcesBuildPhase section */

/* Begin PBXTargetDependency section */
		BE8E56011C0AD85D0076CECA /* PBXTargetDependency */ = {
			isa = PBXTargetDependency;
			target = BE8E55E21C0AD85D0076CECA /* MusicPlayer */;
			targetProxy = BE8E56001C0AD85D0076CECA /* PBXContainerItemProxy */;
		};
		BE8E560C1C0AD85D0076CECA /* PBXTargetDependency */ = {
			isa = PBXTargetDependency;
			target = BE8E55E21C0AD85D0076CECA /* MusicPlayer */;
			targetProxy = BE8E560B1C0AD85D0076CECA /* PBXContainerItemProxy */;
		};
/* End PBXTargetDependency section */

/* Begin PBXVariantGroup section */
		BE8E55F21C0AD85D0076CECA /* Main.storyboard */ = {
			isa = PBXVariantGroup;
			children = (
				BE8E55F31C0AD85D0076CECA /* Base */,
			);
			name = Main.storyboard;
			sourceTree = "<group>";
		};
		BE8E55F71C0AD85D0076CECA /* LaunchScreen.storyboard */ = {
			isa = PBXVariantGroup;
			children = (
				BE8E55F81C0AD85D0076CECA /* Base */,
			);
			name = LaunchScreen.storyboard;
			sourceTree = "<group>";
		};
/* End PBXVariantGroup section */

/* Begin XCBuildConfiguration section */
		BE8E56111C0AD85D0076CECA /* Debug */ = {
			isa = XCBuildConfiguration;
			buildSettings = {
				ALWAYS_SEARCH_USER_PATHS = NO;
				CLANG_CXX_LANGUAGE_STANDARD = "gnu++0x";
				CLANG_CXX_LIBRARY = "libc++";
				CLANG_ENABLE_MODULES = YES;
				CLANG_ENABLE_OBJC_ARC = YES;
				CLANG_WARN_BOOL_CONVERSION = YES;
				CLANG_WARN_CONSTANT_CONVERSION = YES;
				CLANG_WARN_DIRECT_OBJC_ISA_USAGE = YES_ERROR;
				CLANG_WARN_EMPTY_BODY = YES;
				CLANG_WARN_ENUM_CONVERSION = YES;
				CLANG_WARN_INT_CONVERSION = YES;
				CLANG_WARN_OBJC_ROOT_CLASS = YES_ERROR;
				CLANG_WARN_UNREACHABLE_CODE = YES;
				CLANG_WARN__DUPLICATE_METHOD_MATCH = YES;
				"CODE_SIGN_IDENTITY[sdk=iphoneos*]" = "iPhone Developer";
				COPY_PHASE_STRIP = NO;
				DEBUG_INFORMATION_FORMAT = dwarf;
				ENABLE_STRICT_OBJC_MSGSEND = YES;
				ENABLE_TESTABILITY = YES;
				GCC_C_LANGUAGE_STANDARD = gnu99;
				GCC_DYNAMIC_NO_PIC = NO;
				GCC_NO_COMMON_BLOCKS = YES;
				GCC_OPTIMIZATION_LEVEL = 0;
				GCC_PREPROCESSOR_DEFINITIONS = (
					"DEBUG=1",
					"$(inherited)",
				);
				GCC_WARN_64_TO_32_BIT_CONVERSION = YES;
				GCC_WARN_ABOUT_RETURN_TYPE = YES_ERROR;
				GCC_WARN_UNDECLARED_SELECTOR = YES;
				GCC_WARN_UNINITIALIZED_AUTOS = YES_AGGRESSIVE;
				GCC_WARN_UNUSED_FUNCTION = YES;
				GCC_WARN_UNUSED_VARIABLE = YES;
				IPHONEOS_DEPLOYMENT_TARGET = 9.1;
				MTL_ENABLE_DEBUG_INFO = YES;
				ONLY_ACTIVE_ARCH = YES;
				SDKROOT = iphoneos;
				TARGETED_DEVICE_FAMILY = "1,2";
			};
			name = Debug;
		};
		BE8E56121C0AD85D0076CECA /* Release */ = {
			isa = XCBuildConfiguration;
			buildSettings = {
				ALWAYS_SEARCH_USER_PATHS = NO;
				CLANG_CXX_LANGUAGE_STANDARD = "gnu++0x";
				CLANG_CXX_LIBRARY = "libc++";
				CLANG_ENABLE_MODULES = YES;
				CLANG_ENABLE_OBJC_ARC = YES;
				CLANG_WARN_BOOL_CONVERSION = YES;
				CLANG_WARN_CONSTANT_CONVERSION = YES;
				CLANG_WARN_DIRECT_OBJC_ISA_USAGE = YES_ERROR;
				CLANG_WARN_EMPTY_BODY = YES;
				CLANG_WARN_ENUM_CONVERSION = YES;
				CLANG_WARN_INT_CONVERSION = YES;
				CLANG_WARN_OBJC_ROOT_CLASS = YES_ERROR;
				CLANG_WARN_UNREACHABLE_CODE = YES;
				CLANG_WARN__DUPLICATE_METHOD_MATCH = YES;
				"CODE_SIGN_IDENTITY[sdk=iphoneos*]" = "iPhone Developer";
				COPY_PHASE_STRIP = NO;
				DEBUG_INFORMATION_FORMAT = "dwarf-with-dsym";
				ENABLE_NS_ASSERTIONS = NO;
				ENABLE_STRICT_OBJC_MSGSEND = YES;
				GCC_C_LANGUAGE_STANDARD = gnu99;
				GCC_NO_COMMON_BLOCKS = YES;
				GCC_WARN_64_TO_32_BIT_CONVERSION = YES;
				GCC_WARN_ABOUT_RETURN_TYPE = YES_ERROR;
				GCC_WARN_UNDECLARED_SELECTOR = YES;
				GCC_WARN_UNINITIALIZED_AUTOS = YES_AGGRESSIVE;
				GCC_WARN_UNUSED_FUNCTION = YES;
				GCC_WARN_UNUSED_VARIABLE = YES;
				IPHONEOS_DEPLOYMENT_TARGET = 9.1;
				MTL_ENABLE_DEBUG_INFO = NO;
				SDKROOT = iphoneos;
				TARGETED_DEVICE_FAMILY = "1,2";
				VALIDATE_PRODUCT = YES;
			};
			name = Release;
		};
		BE8E56141C0AD85D0076CECA /* Debug */ = {
			isa = XCBuildConfiguration;
			buildSettings = {
				ASSETCATALOG_COMPILER_APPICON_NAME = AppIcon;
				INFOPLIST_FILE = MusicPlayer/Info.plist;
				LD_RUNPATH_SEARCH_PATHS = "$(inherited) @executable_path/Frameworks";
				PRODUCT_BUNDLE_IDENTIFIER = com.samdurak.MusicPlayer;
				PRODUCT_NAME = "$(TARGET_NAME)";
			};
			name = Debug;
		};
		BE8E56151C0AD85D0076CECA /* Release */ = {
			isa = XCBuildConfiguration;
			buildSettings = {
				ASSETCATALOG_COMPILER_APPICON_NAME = AppIcon;
				INFOPLIST_FILE = MusicPlayer/Info.plist;
				LD_RUNPATH_SEARCH_PATHS = "$(inherited) @executable_path/Frameworks";
				PRODUCT_BUNDLE_IDENTIFIER = com.samdurak.MusicPlayer;
				PRODUCT_NAME = "$(TARGET_NAME)";
			};
			name = Release;
		};
		BE8E56171C0AD85D0076CECA /* Debug */ = {
			isa = XCBuildConfiguration;
			buildSettings = {
				BUNDLE_LOADER = "$(TEST_HOST)";
				INFOPLIST_FILE = MusicPlayerTests/Info.plist;
				LD_RUNPATH_SEARCH_PATHS = "$(inherited) @executable_path/Frameworks @loader_path/Frameworks";
				PRODUCT_BUNDLE_IDENTIFIER = com.samdurak.MusicPlayerTests;
				PRODUCT_NAME = "$(TARGET_NAME)";
				TEST_HOST = "$(BUILT_PRODUCTS_DIR)/MusicPlayer.app/MusicPlayer";
			};
			name = Debug;
		};
		BE8E56181C0AD85D0076CECA /* Release */ = {
			isa = XCBuildConfiguration;
			buildSettings = {
				BUNDLE_LOADER = "$(TEST_HOST)";
				INFOPLIST_FILE = MusicPlayerTests/Info.plist;
				LD_RUNPATH_SEARCH_PATHS = "$(inherited) @executable_path/Frameworks @loader_path/Frameworks";
				PRODUCT_BUNDLE_IDENTIFIER = com.samdurak.MusicPlayerTests;
				PRODUCT_NAME = "$(TARGET_NAME)";
				TEST_HOST = "$(BUILT_PRODUCTS_DIR)/MusicPlayer.app/MusicPlayer";
			};
			name = Release;
		};
		BE8E561A1C0AD85D0076CECA /* Debug */ = {
			isa = XCBuildConfiguration;
			buildSettings = {
				INFOPLIST_FILE = MusicPlayerUITests/Info.plist;
				LD_RUNPATH_SEARCH_PATHS = "$(inherited) @executable_path/Frameworks @loader_path/Frameworks";
				PRODUCT_BUNDLE_IDENTIFIER = com.samdurak.MusicPlayerUITests;
				PRODUCT_NAME = "$(TARGET_NAME)";
				TEST_TARGET_NAME = MusicPlayer;
				USES_XCTRUNNER = YES;
			};
			name = Debug;
		};
		BE8E561B1C0AD85D0076CECA /* Release */ = {
			isa = XCBuildConfiguration;
			buildSettings = {
				INFOPLIST_FILE = MusicPlayerUITests/Info.plist;
				LD_RUNPATH_SEARCH_PATHS = "$(inherited) @executable_path/Frameworks @loader_path/Frameworks";
				PRODUCT_BUNDLE_IDENTIFIER = com.samdurak.MusicPlayerUITests;
				PRODUCT_NAME = "$(TARGET_NAME)";
				TEST_TARGET_NAME = MusicPlayer;
				USES_XCTRUNNER = YES;
			};
			name = Release;
		};
/* End XCBuildConfiguration section */

/* Begin XCConfigurationList section */
		BE8E55DE1C0AD85D0076CECA /* Build configuration list for PBXProject "MusicPlayer" */ = {
			isa = XCConfigurationList;
			buildConfigurations = (
				BE8E56111C0AD85D0076CECA /* Debug */,
				BE8E56121C0AD85D0076CECA /* Release */,
			);
			defaultConfigurationIsVisible = 0;
			defaultConfigurationName = Release;
		};
		BE8E56131C0AD85D0076CECA /* Build configuration list for PBXNativeTarget "MusicPlayer" */ = {
			isa = XCConfigurationList;
			buildConfigurations = (
				BE8E56141C0AD85D0076CECA /* Debug */,
				BE8E56151C0AD85D0076CECA /* Release */,
			);
			defaultConfigurationIsVisible = 0;
			defaultConfigurationName = Release;
		};
		BE8E56161C0AD85D0076CECA /* Build configuration list for PBXNativeTarget "MusicPlayerTests" */ = {
			isa = XCConfigurationList;
			buildConfigurations = (
				BE8E56171C0AD85D0076CECA /* Debug */,
				BE8E56181C0AD85D0076CECA /* Release */,
			);
			defaultConfigurationIsVisible = 0;
			defaultConfigurationName = Release;
		};
		BE8E56191C0AD85D0076CECA /* Build configuration list for PBXNativeTarget "MusicPlayerUITests" */ = {
			isa = XCConfigurationList;
			buildConfigurations = (
				BE8E561A1C0AD85D0076CECA /* Debug */,
				BE8E561B1C0AD85D0076CECA /* Release */,
			);
			defaultConfigurationIsVisible = 0;
			defaultConfigurationName = Release;
		};
/* End XCConfigurationList section */
	};
	rootObject = BE8E55DB1C0AD85D0076CECA /* Project object */;
}
