// !$*UTF8*$!
{
	archiveVersion = 1;
	classes = {
	};
	objectVersion = 46;
	objects = {

/* Begin PBXBuildFile section */
		BE88365B1C0D0CD9003CF2C0 /* DetailCell.m in Sources */ = {isa = PBXBuildFile; fileRef = BE88365A1C0D0CD9003CF2C0 /* DetailCell.m */; };
		BE8836631C0E7597003CF2C0 /* Catalog.m in Sources */ = {isa = PBXBuildFile; fileRef = BE8836621C0E7597003CF2C0 /* Catalog.m */; };
		BE88367D1C0EF353003CF2C0 /* UIColor+MyColors.m in Sources */ = {isa = PBXBuildFile; fileRef = BE88367C1C0EF353003CF2C0 /* UIColor+MyColors.m */; };
		BE8E55E81C0AD85D0076CECA /* main.m in Sources */ = {isa = PBXBuildFile; fileRef = BE8E55E71C0AD85D0076CECA /* main.m */; };
		BE8E55EB1C0AD85D0076CECA /* AppDelegate.m in Sources */ = {isa = PBXBuildFile; fileRef = BE8E55EA1C0AD85D0076CECA /* AppDelegate.m */; };
		BE8E55EE1C0AD85D0076CECA /* MasterViewController.m in Sources */ = {isa = PBXBuildFile; fileRef = BE8E55ED1C0AD85D0076CECA /* MasterViewController.m */; };
		BE8E55F11C0AD85D0076CECA /* DetailViewController.m in Sources */ = {isa = PBXBuildFile; fileRef = BE8E55F01C0AD85D0076CECA /* DetailViewController.m */; };
		BE8E55F41C0AD85D0076CECA /* Main.storyboard in Resources */ = {isa = PBXBuildFile; fileRef = BE8E55F21C0AD85D0076CECA /* Main.storyboard */; };
		BE8E55F61C0AD85D0076CECA /* Assets.xcassets in Resources */ = {isa = PBXBuildFile; fileRef = BE8E55F51C0AD85D0076CECA /* Assets.xcassets */; };
		BE8E55F91C0AD85D0076CECA /* LaunchScreen.storyboard in Resources */ = {isa = PBXBuildFile; fileRef = BE8E55F71C0AD85D0076CECA /* LaunchScreen.storyboard */; };
		BE8E56041C0AD85D0076CECA /* MusicPlayerTests.m in Sources */ = {isa = PBXBuildFile; fileRef = BE8E56031C0AD85D0076CECA /* MusicPlayerTests.m */; };
		BE8E560F1C0AD85D0076CECA /* MusicPlayerUITests.m in Sources */ = {isa = PBXBuildFile; fileRef = BE8E560E1C0AD85D0076CECA /* MusicPlayerUITests.m */; };
		BE8E563F1C0AD9130076CECA /* MasterCell.m in Sources */ = {isa = PBXBuildFile; fileRef = BE8E563E1C0AD9130076CECA /* MasterCell.m */; };
		BE8E564F1C0B65910076CECA /* Album.m in Sources */ = {isa = PBXBuildFile; fileRef = BE8E564E1C0B65910076CECA /* Album.m */; };
		BE8E56731C0BFBCB0076CECA /* Player.m in Sources */ = {isa = PBXBuildFile; fileRef = BE8E56721C0BFBCB0076CECA /* Player.m */; };
		BEAA46EF1C0EF48C006500F2 /* next.png in Resources */ = {isa = PBXBuildFile; fileRef = BEAA46E81C0EF48C006500F2 /* next.png */; };
		BEAA46F01C0EF48C006500F2 /* note_disabled.png in Resources */ = {isa = PBXBuildFile; fileRef = BEAA46E91C0EF48C006500F2 /* note_disabled.png */; };
		BEAA46F11C0EF48C006500F2 /* note.png in Resources */ = {isa = PBXBuildFile; fileRef = BEAA46EA1C0EF48C006500F2 /* note.png */; };
		BEAA46F21C0EF48C006500F2 /* pause.png in Resources */ = {isa = PBXBuildFile; fileRef = BEAA46EB1C0EF48C006500F2 /* pause.png */; };
		BEAA46F31C0EF48C006500F2 /* play.png in Resources */ = {isa = PBXBuildFile; fileRef = BEAA46EC1C0EF48C006500F2 /* play.png */; };
		BEAA46F41C0EF48C006500F2 /* previous.png in Resources */ = {isa = PBXBuildFile; fileRef = BEAA46ED1C0EF48C006500F2 /* previous.png */; };
		BEAA46F51C0EF48C006500F2 /* thisTrackIsPlaying.png in Resources */ = {isa = PBXBuildFile; fileRef = BEAA46EE1C0EF48C006500F2 /* thisTrackIsPlaying.png */; };
		BEAA46FC1C0EF4B4006500F2 /* valentinevignettes.1.mp3 in Resources */ = {isa = PBXBuildFile; fileRef = BEAA46F61C0EF4B4006500F2 /* valentinevignettes.1.mp3 */; };
		BEAA46FD1C0EF4B4006500F2 /* valentinevignettes.2.mp3 in Resources */ = {isa = PBXBuildFile; fileRef = BEAA46F71C0EF4B4006500F2 /* valentinevignettes.2.mp3 */; };
		BEAA46FE1C0EF4B4006500F2 /* valentinevignettes.3.mp3 in Resources */ = {isa = PBXBuildFile; fileRef = BEAA46F81C0EF4B4006500F2 /* valentinevignettes.3.mp3 */; };
		BEAA46FF1C0EF4B4006500F2 /* valentinevignettes.4.mp3 in Resources */ = {isa = PBXBuildFile; fileRef = BEAA46F91C0EF4B4006500F2 /* valentinevignettes.4.mp3 */; };
		BEAA47001C0EF4B4006500F2 /* valentinevignettes.5.mp3 in Resources */ = {isa = PBXBuildFile; fileRef = BEAA46FA1C0EF4B4006500F2 /* valentinevignettes.5.mp3 */; };
		BEAA47011C0EF4B4006500F2 /* valentinevignettes.6.mp3 in Resources */ = {isa = PBXBuildFile; fileRef = BEAA46FB1C0EF4B4006500F2 /* valentinevignettes.6.mp3 */; };
		BEAA470C1C0EF4C6006500F2 /* awaketooearly.1.mp3 in Resources */ = {isa = PBXBuildFile; fileRef = BEAA47021C0EF4C6006500F2 /* awaketooearly.1.mp3 */; };
		BEAA470D1C0EF4C6006500F2 /* awaketooearly.2.mp3 in Resources */ = {isa = PBXBuildFile; fileRef = BEAA47031C0EF4C6006500F2 /* awaketooearly.2.mp3 */; };
		BEAA470E1C0EF4C6006500F2 /* awaketooearly.3.mp3 in Resources */ = {isa = PBXBuildFile; fileRef = BEAA47041C0EF4C6006500F2 /* awaketooearly.3.mp3 */; };
		BEAA470F1C0EF4C6006500F2 /* awaketooearly.4.mp3 in Resources */ = {isa = PBXBuildFile; fileRef = BEAA47051C0EF4C6006500F2 /* awaketooearly.4.mp3 */; };
		BEAA47101C0EF4C6006500F2 /* awaketooearly.5.mp3 in Resources */ = {isa = PBXBuildFile; fileRef = BEAA47061C0EF4C6006500F2 /* awaketooearly.5.mp3 */; };
		BEAA47111C0EF4C6006500F2 /* awaketooearly.6.mp3 in Resources */ = {isa = PBXBuildFile; fileRef = BEAA47071C0EF4C6006500F2 /* awaketooearly.6.mp3 */; };
		BEAA47121C0EF4C6006500F2 /* awaketooearly.7.mp3 in Resources */ = {isa = PBXBuildFile; fileRef = BEAA47081C0EF4C6006500F2 /* awaketooearly.7.mp3 */; };
		BEAA47131C0EF4C6006500F2 /* awaketooearly.100.jpg in Resources */ = {isa = PBXBuildFile; fileRef = BEAA47091C0EF4C6006500F2 /* awaketooearly.100.jpg */; };
		BEAA47141C0EF4C6006500F2 /* awaketooearly.375.jpg in Resources */ = {isa = PBXBuildFile; fileRef = BEAA470A1C0EF4C6006500F2 /* awaketooearly.375.jpg */; };
		BEAA47151C0EF4C6006500F2 /* awaketooearly.1400.jpg in Resources */ = {isa = PBXBuildFile; fileRef = BEAA470B1C0EF4C6006500F2 /* awaketooearly.1400.jpg */; };
		BEAA47241C0EF4F8006500F2 /* birdsheart.1.mp3 in Resources */ = {isa = PBXBuildFile; fileRef = BEAA47161C0EF4F8006500F2 /* birdsheart.1.mp3 */; };
		BEAA47251C0EF4F8006500F2 /* birdsheart.2.mp3 in Resources */ = {isa = PBXBuildFile; fileRef = BEAA47171C0EF4F8006500F2 /* birdsheart.2.mp3 */; };
		BEAA47261C0EF4F8006500F2 /* birdsheart.3.mp3 in Resources */ = {isa = PBXBuildFile; fileRef = BEAA47181C0EF4F8006500F2 /* birdsheart.3.mp3 */; };
		BEAA47271C0EF4F8006500F2 /* birdsheart.4.mp3 in Resources */ = {isa = PBXBuildFile; fileRef = BEAA47191C0EF4F8006500F2 /* birdsheart.4.mp3 */; };
		BEAA47281C0EF4F8006500F2 /* birdsheart.5.mp3 in Resources */ = {isa = PBXBuildFile; fileRef = BEAA471A1C0EF4F8006500F2 /* birdsheart.5.mp3 */; };
		BEAA47291C0EF4F8006500F2 /* birdsheart.6.mp3 in Resources */ = {isa = PBXBuildFile; fileRef = BEAA471B1C0EF4F8006500F2 /* birdsheart.6.mp3 */; };
		BEAA472A1C0EF4F8006500F2 /* birdsheart.7.mp3 in Resources */ = {isa = PBXBuildFile; fileRef = BEAA471C1C0EF4F8006500F2 /* birdsheart.7.mp3 */; };
		BEAA472B1C0EF4F8006500F2 /* birdsheart.8.mp3 in Resources */ = {isa = PBXBuildFile; fileRef = BEAA471D1C0EF4F8006500F2 /* birdsheart.8.mp3 */; };
		BEAA472C1C0EF4F8006500F2 /* birdsheart.9.mp3 in Resources */ = {isa = PBXBuildFile; fileRef = BEAA471E1C0EF4F8006500F2 /* birdsheart.9.mp3 */; };
		BEAA472D1C0EF4F8006500F2 /* birdsheart.10.mp3 in Resources */ = {isa = PBXBuildFile; fileRef = BEAA471F1C0EF4F8006500F2 /* birdsheart.10.mp3 */; };
		BEAA472E1C0EF4F8006500F2 /* birdsheart.11.mp3 in Resources */ = {isa = PBXBuildFile; fileRef = BEAA47201C0EF4F8006500F2 /* birdsheart.11.mp3 */; };
		BEAA472F1C0EF4F8006500F2 /* birdsheart.12.mp3 in Resources */ = {isa = PBXBuildFile; fileRef = BEAA47211C0EF4F8006500F2 /* birdsheart.12.mp3 */; };
		BEAA47301C0EF4F8006500F2 /* birdsheart.13.mp3 in Resources */ = {isa = PBXBuildFile; fileRef = BEAA47221C0EF4F8006500F2 /* birdsheart.13.mp3 */; };
		BEAA47311C0EF4F8006500F2 /* birdsheart.14.mp3 in Resources */ = {isa = PBXBuildFile; fileRef = BEAA47231C0EF4F8006500F2 /* birdsheart.14.mp3 */; };
		BEAA47331C0EF508006500F2 /* birdsheart.100.jpg in Resources */ = {isa = PBXBuildFile; fileRef = BEAA47321C0EF508006500F2 /* birdsheart.100.jpg */; };
		BEAA47351C0EF510006500F2 /* birdsheart.375.jpg in Resources */ = {isa = PBXBuildFile; fileRef = BEAA47341C0EF510006500F2 /* birdsheart.375.jpg */; };
		BEAA47371C0EF514006500F2 /* birdsheart.1400.jpg in Resources */ = {isa = PBXBuildFile; fileRef = BEAA47361C0EF514006500F2 /* birdsheart.1400.jpg */; };
		BEAA47401C0EF53F006500F2 /* pipesanddreams.1.mp3 in Resources */ = {isa = PBXBuildFile; fileRef = BEAA47381C0EF53F006500F2 /* pipesanddreams.1.mp3 */; };
		BEAA47411C0EF53F006500F2 /* pipesanddreams.2.mp3 in Resources */ = {isa = PBXBuildFile; fileRef = BEAA47391C0EF53F006500F2 /* pipesanddreams.2.mp3 */; };
		BEAA47421C0EF53F006500F2 /* pipesanddreams.3.mp3 in Resources */ = {isa = PBXBuildFile; fileRef = BEAA473A1C0EF53F006500F2 /* pipesanddreams.3.mp3 */; };
		BEAA47431C0EF53F006500F2 /* pipesanddreams.4.mp3 in Resources */ = {isa = PBXBuildFile; fileRef = BEAA473B1C0EF53F006500F2 /* pipesanddreams.4.mp3 */; };
		BEAA47441C0EF53F006500F2 /* pipesanddreams.5.mp3 in Resources */ = {isa = PBXBuildFile; fileRef = BEAA473C1C0EF53F006500F2 /* pipesanddreams.5.mp3 */; };
		BEAA47451C0EF53F006500F2 /* pipesanddreams.6.mp3 in Resources */ = {isa = PBXBuildFile; fileRef = BEAA473D1C0EF53F006500F2 /* pipesanddreams.6.mp3 */; };
		BEAA47461C0EF53F006500F2 /* pipesanddreams.7.mp3 in Resources */ = {isa = PBXBuildFile; fileRef = BEAA473E1C0EF53F006500F2 /* pipesanddreams.7.mp3 */; };
		BEAA47471C0EF53F006500F2 /* pipesanddreams.8.mp3 in Resources */ = {isa = PBXBuildFile; fileRef = BEAA473F1C0EF53F006500F2 /* pipesanddreams.8.mp3 */; };
		BEAA47511C0EF561006500F2 /* slow.1.mp3 in Resources */ = {isa = PBXBuildFile; fileRef = BEAA47481C0EF561006500F2 /* slow.1.mp3 */; };
		BEAA47521C0EF561006500F2 /* slow.2.mp3 in Resources */ = {isa = PBXBuildFile; fileRef = BEAA47491C0EF561006500F2 /* slow.2.mp3 */; };
		BEAA47531C0EF561006500F2 /* slow.3.mp3 in Resources */ = {isa = PBXBuildFile; fileRef = BEAA474A1C0EF561006500F2 /* slow.3.mp3 */; };
		BEAA47541C0EF561006500F2 /* slow.4.mp3 in Resources */ = {isa = PBXBuildFile; fileRef = BEAA474B1C0EF561006500F2 /* slow.4.mp3 */; };
		BEAA47551C0EF561006500F2 /* slow.5.mp3 in Resources */ = {isa = PBXBuildFile; fileRef = BEAA474C1C0EF561006500F2 /* slow.5.mp3 */; };
		BEAA47561C0EF561006500F2 /* slow.6.mp3 in Resources */ = {isa = PBXBuildFile; fileRef = BEAA474D1C0EF561006500F2 /* slow.6.mp3 */; };
		BEAA47571C0EF561006500F2 /* slow.7.mp3 in Resources */ = {isa = PBXBuildFile; fileRef = BEAA474E1C0EF561006500F2 /* slow.7.mp3 */; };
		BEAA47581C0EF561006500F2 /* slow.8.mp3 in Resources */ = {isa = PBXBuildFile; fileRef = BEAA474F1C0EF561006500F2 /* slow.8.mp3 */; };
		BEAA47591C0EF561006500F2 /* slow.9.mp3 in Resources */ = {isa = PBXBuildFile; fileRef = BEAA47501C0EF561006500F2 /* slow.9.mp3 */; };
		BEAA475D1C0EF571006500F2 /* slow.100.jpg in Resources */ = {isa = PBXBuildFile; fileRef = BEAA475A1C0EF571006500F2 /* slow.100.jpg */; };
		BEAA475E1C0EF571006500F2 /* slow.375.jpg in Resources */ = {isa = PBXBuildFile; fileRef = BEAA475B1C0EF571006500F2 /* slow.375.jpg */; };
		BEAA475F1C0EF571006500F2 /* slow.1400.jpg in Resources */ = {isa = PBXBuildFile; fileRef = BEAA475C1C0EF571006500F2 /* slow.1400.jpg */; };
		BEAA47631C0EF5A1006500F2 /* valentinevignettes.100.jpg in Resources */ = {isa = PBXBuildFile; fileRef = BEAA47601C0EF5A1006500F2 /* valentinevignettes.100.jpg */; };
		BEAA47641C0EF5A1006500F2 /* valentinevignettes.375.jpg in Resources */ = {isa = PBXBuildFile; fileRef = BEAA47611C0EF5A1006500F2 /* valentinevignettes.375.jpg */; };
		BEAA47651C0EF5A1006500F2 /* valentinevignettes.1400.jpg in Resources */ = {isa = PBXBuildFile; fileRef = BEAA47621C0EF5A1006500F2 /* valentinevignettes.1400.jpg */; };
		BEAA47691C0EF664006500F2 /* pipesanddreams.100.jpg in Resources */ = {isa = PBXBuildFile; fileRef = BEAA47661C0EF664006500F2 /* pipesanddreams.100.jpg */; };
		BEAA476A1C0EF664006500F2 /* pipesanddreams.375.jpg in Resources */ = {isa = PBXBuildFile; fileRef = BEAA47671C0EF664006500F2 /* pipesanddreams.375.jpg */; };
		BEAA476B1C0EF664006500F2 /* pipesanddreams.1400.jpg in Resources */ = {isa = PBXBuildFile; fileRef = BEAA47681C0EF664006500F2 /* pipesanddreams.1400.jpg */; };
/* End PBXBuildFile section */

/* Begin PBXContainerItemProxy section */
		BE8E56001C0AD85D0076CECA /* PBXContainerItemProxy */ = {
			isa = PBXContainerItemProxy;
			containerPortal = BE8E55DB1C0AD85D0076CECA /* Project object */;
			proxyType = 1;
			remoteGlobalIDString = BE8E55E21C0AD85D0076CECA;
			remoteInfo = MusicPlayer;
		};
		BE8E560B1C0AD85D0076CECA /* PBXContainerItemProxy */ = {
			isa = PBXContainerItemProxy;
			containerPortal = BE8E55DB1C0AD85D0076CECA /* Project object */;
			proxyType = 1;
			remoteGlobalIDString = BE8E55E21C0AD85D0076CECA;
			remoteInfo = MusicPlayer;
		};
/* End PBXContainerItemProxy section */

/* Begin PBXFileReference section */
		BE8836591C0D0CD9003CF2C0 /* DetailCell.h */ = {isa = PBXFileReference; fileEncoding = 4; lastKnownFileType = sourcecode.c.h; path = DetailCell.h; sourceTree = "<group>"; };
		BE88365A1C0D0CD9003CF2C0 /* DetailCell.m */ = {isa = PBXFileReference; fileEncoding = 4; lastKnownFileType = sourcecode.c.objc; path = DetailCell.m; sourceTree = "<group>"; };
		BE8836611C0E7597003CF2C0 /* Catalog.h */ = {isa = PBXFileReference; fileEncoding = 4; lastKnownFileType = sourcecode.c.h; path = Catalog.h; sourceTree = "<group>"; };
		BE8836621C0E7597003CF2C0 /* Catalog.m */ = {isa = PBXFileReference; fileEncoding = 4; lastKnownFileType = sourcecode.c.objc; path = Catalog.m; sourceTree = "<group>"; };
		BE88367B1C0EF353003CF2C0 /* UIColor+MyColors.h */ = {isa = PBXFileReference; fileEncoding = 4; lastKnownFileType = sourcecode.c.h; path = "UIColor+MyColors.h"; sourceTree = "<group>"; };
		BE88367C1C0EF353003CF2C0 /* UIColor+MyColors.m */ = {isa = PBXFileReference; fileEncoding = 4; lastKnownFileType = sourcecode.c.objc; path = "UIColor+MyColors.m"; sourceTree = "<group>"; };
		BE8E55E31C0AD85D0076CECA /* MusicPlayer.app */ = {isa = PBXFileReference; explicitFileType = wrapper.application; includeInIndex = 0; path = MusicPlayer.app; sourceTree = BUILT_PRODUCTS_DIR; };
		BE8E55E71C0AD85D0076CECA /* main.m */ = {isa = PBXFileReference; lastKnownFileType = sourcecode.c.objc; path = main.m; sourceTree = "<group>"; };
		BE8E55E91C0AD85D0076CECA /* AppDelegate.h */ = {isa = PBXFileReference; lastKnownFileType = sourcecode.c.h; path = AppDelegate.h; sourceTree = "<group>"; };
		BE8E55EA1C0AD85D0076CECA /* AppDelegate.m */ = {isa = PBXFileReference; lastKnownFileType = sourcecode.c.objc; path = AppDelegate.m; sourceTree = "<group>"; };
		BE8E55EC1C0AD85D0076CECA /* MasterViewController.h */ = {isa = PBXFileReference; lastKnownFileType = sourcecode.c.h; path = MasterViewController.h; sourceTree = "<group>"; };
		BE8E55ED1C0AD85D0076CECA /* MasterViewController.m */ = {isa = PBXFileReference; lastKnownFileType = sourcecode.c.objc; path = MasterViewController.m; sourceTree = "<group>"; };
		BE8E55EF1C0AD85D0076CECA /* DetailViewController.h */ = {isa = PBXFileReference; lastKnownFileType = sourcecode.c.h; path = DetailViewController.h; sourceTree = "<group>"; };
		BE8E55F01C0AD85D0076CECA /* DetailViewController.m */ = {isa = PBXFileReference; lastKnownFileType = sourcecode.c.objc; path = DetailViewController.m; sourceTree = "<group>"; };
		BE8E55F31C0AD85D0076CECA /* Base */ = {isa = PBXFileReference; lastKnownFileType = file.storyboard; name = Base; path = Base.lproj/Main.storyboard; sourceTree = "<group>"; };
		BE8E55F51C0AD85D0076CECA /* Assets.xcassets */ = {isa = PBXFileReference; lastKnownFileType = folder.assetcatalog; path = Assets.xcassets; sourceTree = "<group>"; };
		BE8E55F81C0AD85D0076CECA /* Base */ = {isa = PBXFileReference; lastKnownFileType = file.storyboard; name = Base; path = Base.lproj/LaunchScreen.storyboard; sourceTree = "<group>"; };
		BE8E55FA1C0AD85D0076CECA /* Info.plist */ = {isa = PBXFileReference; lastKnownFileType = text.plist.xml; path = Info.plist; sourceTree = "<group>"; };
		BE8E55FF1C0AD85D0076CECA /* MusicPlayerTests.xctest */ = {isa = PBXFileReference; explicitFileType = wrapper.cfbundle; includeInIndex = 0; path = MusicPlayerTests.xctest; sourceTree = BUILT_PRODUCTS_DIR; };
		BE8E56031C0AD85D0076CECA /* MusicPlayerTests.m */ = {isa = PBXFileReference; lastKnownFileType = sourcecode.c.objc; path = MusicPlayerTests.m; sourceTree = "<group>"; };
		BE8E56051C0AD85D0076CECA /* Info.plist */ = {isa = PBXFileReference; lastKnownFileType = text.plist.xml; path = Info.plist; sourceTree = "<group>"; };
		BE8E560A1C0AD85D0076CECA /* MusicPlayerUITests.xctest */ = {isa = PBXFileReference; explicitFileType = wrapper.cfbundle; includeInIndex = 0; path = MusicPlayerUITests.xctest; sourceTree = BUILT_PRODUCTS_DIR; };
		BE8E560E1C0AD85D0076CECA /* MusicPlayerUITests.m */ = {isa = PBXFileReference; lastKnownFileType = sourcecode.c.objc; path = MusicPlayerUITests.m; sourceTree = "<group>"; };
		BE8E56101C0AD85D0076CECA /* Info.plist */ = {isa = PBXFileReference; lastKnownFileType = text.plist.xml; path = Info.plist; sourceTree = "<group>"; };
		BE8E563D1C0AD9130076CECA /* MasterCell.h */ = {isa = PBXFileReference; fileEncoding = 4; lastKnownFileType = sourcecode.c.h; path = MasterCell.h; sourceTree = "<group>"; };
		BE8E563E1C0AD9130076CECA /* MasterCell.m */ = {isa = PBXFileReference; fileEncoding = 4; lastKnownFileType = sourcecode.c.objc; path = MasterCell.m; sourceTree = "<group>"; };
		BE8E564D1C0B65910076CECA /* Album.h */ = {isa = PBXFileReference; fileEncoding = 4; lastKnownFileType = sourcecode.c.h; path = Album.h; sourceTree = "<group>"; };
		BE8E564E1C0B65910076CECA /* Album.m */ = {isa = PBXFileReference; fileEncoding = 4; lastKnownFileType = sourcecode.c.objc; path = Album.m; sourceTree = "<group>"; };
		BE8E56711C0BFBCB0076CECA /* Player.h */ = {isa = PBXFileReference; fileEncoding = 4; lastKnownFileType = sourcecode.c.h; path = Player.h; sourceTree = "<group>"; };
		BE8E56721C0BFBCB0076CECA /* Player.m */ = {isa = PBXFileReference; fileEncoding = 4; lastKnownFileType = sourcecode.c.objc; path = Player.m; sourceTree = "<group>"; };
		BEAA46E81C0EF48C006500F2 /* next.png */ = {isa = PBXFileReference; lastKnownFileType = image.png; name = next.png; path = icons/next.png; sourceTree = "<group>"; };
		BEAA46E91C0EF48C006500F2 /* note_disabled.png */ = {isa = PBXFileReference; lastKnownFileType = image.png; name = note_disabled.png; path = icons/note_disabled.png; sourceTree = "<group>"; };
		BEAA46EA1C0EF48C006500F2 /* note.png */ = {isa = PBXFileReference; lastKnownFileType = image.png; name = note.png; path = icons/note.png; sourceTree = "<group>"; };
		BEAA46EB1C0EF48C006500F2 /* pause.png */ = {isa = PBXFileReference; lastKnownFileType = image.png; name = pause.png; path = icons/pause.png; sourceTree = "<group>"; };
		BEAA46EC1C0EF48C006500F2 /* play.png */ = {isa = PBXFileReference; lastKnownFileType = image.png; name = play.png; path = icons/play.png; sourceTree = "<group>"; };
		BEAA46ED1C0EF48C006500F2 /* previous.png */ = {isa = PBXFileReference; lastKnownFileType = image.png; name = previous.png; path = icons/previous.png; sourceTree = "<group>"; };
		BEAA46EE1C0EF48C006500F2 /* thisTrackIsPlaying.png */ = {isa = PBXFileReference; lastKnownFileType = image.png; name = thisTrackIsPlaying.png; path = icons/thisTrackIsPlaying.png; sourceTree = "<group>"; };
		BEAA46F61C0EF4B4006500F2 /* valentinevignettes.1.mp3 */ = {isa = PBXFileReference; lastKnownFileType = audio.mp3; name = valentinevignettes.1.mp3; path = media/valentinevignettes.1.mp3; sourceTree = "<group>"; };
		BEAA46F71C0EF4B4006500F2 /* valentinevignettes.2.mp3 */ = {isa = PBXFileReference; lastKnownFileType = audio.mp3; name = valentinevignettes.2.mp3; path = media/valentinevignettes.2.mp3; sourceTree = "<group>"; };
		BEAA46F81C0EF4B4006500F2 /* valentinevignettes.3.mp3 */ = {isa = PBXFileReference; lastKnownFileType = audio.mp3; name = valentinevignettes.3.mp3; path = media/valentinevignettes.3.mp3; sourceTree = "<group>"; };
		BEAA46F91C0EF4B4006500F2 /* valentinevignettes.4.mp3 */ = {isa = PBXFileReference; lastKnownFileType = audio.mp3; name = valentinevignettes.4.mp3; path = media/valentinevignettes.4.mp3; sourceTree = "<group>"; };
		BEAA46FA1C0EF4B4006500F2 /* valentinevignettes.5.mp3 */ = {isa = PBXFileReference; lastKnownFileType = audio.mp3; name = valentinevignettes.5.mp3; path = media/valentinevignettes.5.mp3; sourceTree = "<group>"; };
		BEAA46FB1C0EF4B4006500F2 /* valentinevignettes.6.mp3 */ = {isa = PBXFileReference; lastKnownFileType = audio.mp3; name = valentinevignettes.6.mp3; path = media/valentinevignettes.6.mp3; sourceTree = "<group>"; };
		BEAA47021C0EF4C6006500F2 /* awaketooearly.1.mp3 */ = {isa = PBXFileReference; lastKnownFileType = audio.mp3; name = awaketooearly.1.mp3; path = media/awaketooearly.1.mp3; sourceTree = "<group>"; };
		BEAA47031C0EF4C6006500F2 /* awaketooearly.2.mp3 */ = {isa = PBXFileReference; lastKnownFileType = audio.mp3; name = awaketooearly.2.mp3; path = media/awaketooearly.2.mp3; sourceTree = "<group>"; };
		BEAA47041C0EF4C6006500F2 /* awaketooearly.3.mp3 */ = {isa = PBXFileReference; lastKnownFileType = audio.mp3; name = awaketooearly.3.mp3; path = media/awaketooearly.3.mp3; sourceTree = "<group>"; };
		BEAA47051C0EF4C6006500F2 /* awaketooearly.4.mp3 */ = {isa = PBXFileReference; lastKnownFileType = audio.mp3; name = awaketooearly.4.mp3; path = media/awaketooearly.4.mp3; sourceTree = "<group>"; };
		BEAA47061C0EF4C6006500F2 /* awaketooearly.5.mp3 */ = {isa = PBXFileReference; lastKnownFileType = audio.mp3; name = awaketooearly.5.mp3; path = media/awaketooearly.5.mp3; sourceTree = "<group>"; };
		BEAA47071C0EF4C6006500F2 /* awaketooearly.6.mp3 */ = {isa = PBXFileReference; lastKnownFileType = audio.mp3; name = awaketooearly.6.mp3; path = media/awaketooearly.6.mp3; sourceTree = "<group>"; };
		BEAA47081C0EF4C6006500F2 /* awaketooearly.7.mp3 */ = {isa = PBXFileReference; lastKnownFileType = audio.mp3; name = awaketooearly.7.mp3; path = media/awaketooearly.7.mp3; sourceTree = "<group>"; };
		BEAA47091C0EF4C6006500F2 /* awaketooearly.100.jpg */ = {isa = PBXFileReference; lastKnownFileType = image.jpeg; name = awaketooearly.100.jpg; path = media/awaketooearly.100.jpg; sourceTree = "<group>"; };
		BEAA470A1C0EF4C6006500F2 /* awaketooearly.375.jpg */ = {isa = PBXFileReference; lastKnownFileType = image.jpeg; name = awaketooearly.375.jpg; path = media/awaketooearly.375.jpg; sourceTree = "<group>"; };
		BEAA470B1C0EF4C6006500F2 /* awaketooearly.1400.jpg */ = {isa = PBXFileReference; lastKnownFileType = image.jpeg; name = awaketooearly.1400.jpg; path = media/awaketooearly.1400.jpg; sourceTree = "<group>"; };
		BEAA47161C0EF4F8006500F2 /* birdsheart.1.mp3 */ = {isa = PBXFileReference; lastKnownFileType = audio.mp3; name = birdsheart.1.mp3; path = media/birdsheart.1.mp3; sourceTree = "<group>"; };
		BEAA47171C0EF4F8006500F2 /* birdsheart.2.mp3 */ = {isa = PBXFileReference; lastKnownFileType = audio.mp3; name = birdsheart.2.mp3; path = media/birdsheart.2.mp3; sourceTree = "<group>"; };
		BEAA47181C0EF4F8006500F2 /* birdsheart.3.mp3 */ = {isa = PBXFileReference; lastKnownFileType = audio.mp3; name = birdsheart.3.mp3; path = media/birdsheart.3.mp3; sourceTree = "<group>"; };
		BEAA47191C0EF4F8006500F2 /* birdsheart.4.mp3 */ = {isa = PBXFileReference; lastKnownFileType = audio.mp3; name = birdsheart.4.mp3; path = media/birdsheart.4.mp3; sourceTree = "<group>"; };
		BEAA471A1C0EF4F8006500F2 /* birdsheart.5.mp3 */ = {isa = PBXFileReference; lastKnownFileType = audio.mp3; name = birdsheart.5.mp3; path = media/birdsheart.5.mp3; sourceTree = "<group>"; };
		BEAA471B1C0EF4F8006500F2 /* birdsheart.6.mp3 */ = {isa = PBXFileReference; lastKnownFileType = audio.mp3; name = birdsheart.6.mp3; path = media/birdsheart.6.mp3; sourceTree = "<group>"; };
		BEAA471C1C0EF4F8006500F2 /* birdsheart.7.mp3 */ = {isa = PBXFileReference; lastKnownFileType = audio.mp3; name = birdsheart.7.mp3; path = media/birdsheart.7.mp3; sourceTree = "<group>"; };
		BEAA471D1C0EF4F8006500F2 /* birdsheart.8.mp3 */ = {isa = PBXFileReference; lastKnownFileType = audio.mp3; name = birdsheart.8.mp3; path = media/birdsheart.8.mp3; sourceTree = "<group>"; };
		BEAA471E1C0EF4F8006500F2 /* birdsheart.9.mp3 */ = {isa = PBXFileReference; lastKnownFileType = audio.mp3; name = birdsheart.9.mp3; path = media/birdsheart.9.mp3; sourceTree = "<group>"; };
		BEAA471F1C0EF4F8006500F2 /* birdsheart.10.mp3 */ = {isa = PBXFileReference; lastKnownFileType = audio.mp3; name = birdsheart.10.mp3; path = media/birdsheart.10.mp3; sourceTree = "<group>"; };
		BEAA47201C0EF4F8006500F2 /* birdsheart.11.mp3 */ = {isa = PBXFileReference; lastKnownFileType = audio.mp3; name = birdsheart.11.mp3; path = media/birdsheart.11.mp3; sourceTree = "<group>"; };
		BEAA47211C0EF4F8006500F2 /* birdsheart.12.mp3 */ = {isa = PBXFileReference; lastKnownFileType = audio.mp3; name = birdsheart.12.mp3; path = media/birdsheart.12.mp3; sourceTree = "<group>"; };
		BEAA47221C0EF4F8006500F2 /* birdsheart.13.mp3 */ = {isa = PBXFileReference; lastKnownFileType = audio.mp3; name = birdsheart.13.mp3; path = media/birdsheart.13.mp3; sourceTree = "<group>"; };
		BEAA47231C0EF4F8006500F2 /* birdsheart.14.mp3 */ = {isa = PBXFileReference; lastKnownFileType = audio.mp3; name = birdsheart.14.mp3; path = media/birdsheart.14.mp3; sourceTree = "<group>"; };
		BEAA47321C0EF508006500F2 /* birdsheart.100.jpg */ = {isa = PBXFileReference; lastKnownFileType = image.jpeg; name = birdsheart.100.jpg; path = media/birdsheart.100.jpg; sourceTree = "<group>"; };
		BEAA47341C0EF510006500F2 /* birdsheart.375.jpg */ = {isa = PBXFileReference; lastKnownFileType = image.jpeg; name = birdsheart.375.jpg; path = media/birdsheart.375.jpg; sourceTree = "<group>"; };
		BEAA47361C0EF514006500F2 /* birdsheart.1400.jpg */ = {isa = PBXFileReference; lastKnownFileType = image.jpeg; name = birdsheart.1400.jpg; path = media/birdsheart.1400.jpg; sourceTree = "<group>"; };
		BEAA47381C0EF53F006500F2 /* pipesanddreams.1.mp3 */ = {isa = PBXFileReference; lastKnownFileType = audio.mp3; name = pipesanddreams.1.mp3; path = media/pipesanddreams.1.mp3; sourceTree = "<group>"; };
		BEAA47391C0EF53F006500F2 /* pipesanddreams.2.mp3 */ = {isa = PBXFileReference; lastKnownFileType = audio.mp3; name = pipesanddreams.2.mp3; path = media/pipesanddreams.2.mp3; sourceTree = "<group>"; };
		BEAA473A1C0EF53F006500F2 /* pipesanddreams.3.mp3 */ = {isa = PBXFileReference; lastKnownFileType = audio.mp3; name = pipesanddreams.3.mp3; path = media/pipesanddreams.3.mp3; sourceTree = "<group>"; };
		BEAA473B1C0EF53F006500F2 /* pipesanddreams.4.mp3 */ = {isa = PBXFileReference; lastKnownFileType = audio.mp3; name = pipesanddreams.4.mp3; path = media/pipesanddreams.4.mp3; sourceTree = "<group>"; };
		BEAA473C1C0EF53F006500F2 /* pipesanddreams.5.mp3 */ = {isa = PBXFileReference; lastKnownFileType = audio.mp3; name = pipesanddreams.5.mp3; path = media/pipesanddreams.5.mp3; sourceTree = "<group>"; };
		BEAA473D1C0EF53F006500F2 /* pipesanddreams.6.mp3 */ = {isa = PBXFileReference; lastKnownFileType = audio.mp3; name = pipesanddreams.6.mp3; path = media/pipesanddreams.6.mp3; sourceTree = "<group>"; };
		BEAA473E1C0EF53F006500F2 /* pipesanddreams.7.mp3 */ = {isa = PBXFileReference; lastKnownFileType = audio.mp3; name = pipesanddreams.7.mp3; path = media/pipesanddreams.7.mp3; sourceTree = "<group>"; };
		BEAA473F1C0EF53F006500F2 /* pipesanddreams.8.mp3 */ = {isa = PBXFileReference; lastKnownFileType = audio.mp3; name = pipesanddreams.8.mp3; path = media/pipesanddreams.8.mp3; sourceTree = "<group>"; };
		BEAA47481C0EF561006500F2 /* slow.1.mp3 */ = {isa = PBXFileReference; lastKnownFileType = audio.mp3; name = slow.1.mp3; path = media/slow.1.mp3; sourceTree = "<group>"; };
		BEAA47491C0EF561006500F2 /* slow.2.mp3 */ = {isa = PBXFileReference; lastKnownFileType = audio.mp3; name = slow.2.mp3; path = media/slow.2.mp3; sourceTree = "<group>"; };
		BEAA474A1C0EF561006500F2 /* slow.3.mp3 */ = {isa = PBXFileReference; lastKnownFileType = audio.mp3; name = slow.3.mp3; path = media/slow.3.mp3; sourceTree = "<group>"; };
		BEAA474B1C0EF561006500F2 /* slow.4.mp3 */ = {isa = PBXFileReference; lastKnownFileType = audio.mp3; name = slow.4.mp3; path = media/slow.4.mp3; sourceTree = "<group>"; };
		BEAA474C1C0EF561006500F2 /* slow.5.mp3 */ = {isa = PBXFileReference; lastKnownFileType = audio.mp3; name = slow.5.mp3; path = media/slow.5.mp3; sourceTree = "<group>"; };
		BEAA474D1C0EF561006500F2 /* slow.6.mp3 */ = {isa = PBXFileReference; lastKnownFileType = audio.mp3; name = slow.6.mp3; path = media/slow.6.mp3; sourceTree = "<group>"; };
		BEAA474E1C0EF561006500F2 /* slow.7.mp3 */ = {isa = PBXFileReference; lastKnownFileType = audio.mp3; name = slow.7.mp3; path = media/slow.7.mp3; sourceTree = "<group>"; };
		BEAA474F1C0EF561006500F2 /* slow.8.mp3 */ = {isa = PBXFileReference; lastKnownFileType = audio.mp3; name = slow.8.mp3; path = media/slow.8.mp3; sourceTree = "<group>"; };
		BEAA47501C0EF561006500F2 /* slow.9.mp3 */ = {isa = PBXFileReference; lastKnownFileType = audio.mp3; name = slow.9.mp3; path = media/slow.9.mp3; sourceTree = "<group>"; };
		BEAA475A1C0EF571006500F2 /* slow.100.jpg */ = {isa = PBXFileReference; lastKnownFileType = image.jpeg; name = slow.100.jpg; path = media/slow.100.jpg; sourceTree = "<group>"; };
		BEAA475B1C0EF571006500F2 /* slow.375.jpg */ = {isa = PBXFileReference; lastKnownFileType = image.jpeg; name = slow.375.jpg; path = media/slow.375.jpg; sourceTree = "<group>"; };
		BEAA475C1C0EF571006500F2 /* slow.1400.jpg */ = {isa = PBXFileReference; lastKnownFileType = image.jpeg; name = slow.1400.jpg; path = media/slow.1400.jpg; sourceTree = "<group>"; };
		BEAA47601C0EF5A1006500F2 /* valentinevignettes.100.jpg */ = {isa = PBXFileReference; lastKnownFileType = image.jpeg; name = valentinevignettes.100.jpg; path = media/valentinevignettes.100.jpg; sourceTree = "<group>"; };
		BEAA47611C0EF5A1006500F2 /* valentinevignettes.375.jpg */ = {isa = PBXFileReference; lastKnownFileType = image.jpeg; name = valentinevignettes.375.jpg; path = media/valentinevignettes.375.jpg; sourceTree = "<group>"; };
		BEAA47621C0EF5A1006500F2 /* valentinevignettes.1400.jpg */ = {isa = PBXFileReference; lastKnownFileType = image.jpeg; name = valentinevignettes.1400.jpg; path = media/valentinevignettes.1400.jpg; sourceTree = "<group>"; };
		BEAA47661C0EF664006500F2 /* pipesanddreams.100.jpg */ = {isa = PBXFileReference; lastKnownFileType = image.jpeg; name = pipesanddreams.100.jpg; path = media/pipesanddreams.100.jpg; sourceTree = "<group>"; };
		BEAA47671C0EF664006500F2 /* pipesanddreams.375.jpg */ = {isa = PBXFileReference; lastKnownFileType = image.jpeg; name = pipesanddreams.375.jpg; path = media/pipesanddreams.375.jpg; sourceTree = "<group>"; };
		BEAA47681C0EF664006500F2 /* pipesanddreams.1400.jpg */ = {isa = PBXFileReference; lastKnownFileType = image.jpeg; name = pipesanddreams.1400.jpg; path = media/pipesanddreams.1400.jpg; sourceTree = "<group>"; };
/* End PBXFileReference section */

/* Begin PBXFrameworksBuildPhase section */
		BE8E55E01C0AD85D0076CECA /* Frameworks */ = {
			isa = PBXFrameworksBuildPhase;
			buildActionMask = 2147483647;
			files = (
			);
			runOnlyForDeploymentPostprocessing = 0;
		};
		BE8E55FC1C0AD85D0076CECA /* Frameworks */ = {
			isa = PBXFrameworksBuildPhase;
			buildActionMask = 2147483647;
			files = (
			);
			runOnlyForDeploymentPostprocessing = 0;
		};
		BE8E56071C0AD85D0076CECA /* Frameworks */ = {
			isa = PBXFrameworksBuildPhase;
			buildActionMask = 2147483647;
			files = (
			);
			runOnlyForDeploymentPostprocessing = 0;
		};
/* End PBXFrameworksBuildPhase section */

/* Begin PBXGroup section */
		BE8E55DA1C0AD85D0076CECA = {
			isa = PBXGroup;
			children = (
				BE8E55E51C0AD85D0076CECA /* MusicPlayer */,
				BE8E56021C0AD85D0076CECA /* MusicPlayerTests */,
				BE8E560D1C0AD85D0076CECA /* MusicPlayerUITests */,
				BE8E55E41C0AD85D0076CECA /* Products */,
			);
			sourceTree = "<group>";
		};
		BE8E55E41C0AD85D0076CECA /* Products */ = {
			isa = PBXGroup;
			children = (
				BE8E55E31C0AD85D0076CECA /* MusicPlayer.app */,
				BE8E55FF1C0AD85D0076CECA /* MusicPlayerTests.xctest */,
				BE8E560A1C0AD85D0076CECA /* MusicPlayerUITests.xctest */,
			);
			name = Products;
			sourceTree = "<group>";
		};
		BE8E55E51C0AD85D0076CECA /* MusicPlayer */ = {
			isa = PBXGroup;
			children = (
				BE88367B1C0EF353003CF2C0 /* UIColor+MyColors.h */,
				BE88367C1C0EF353003CF2C0 /* UIColor+MyColors.m */,
				BE8E55E71C0AD85D0076CECA /* main.m */,
				BE8E55E91C0AD85D0076CECA /* AppDelegate.h */,
				BE8E55EA1C0AD85D0076CECA /* AppDelegate.m */,
				BE8E561C1C0AD8690076CECA /* Master */,
				BE8E561D1C0AD8710076CECA /* Detail */,
				BE8E55F21C0AD85D0076CECA /* Main.storyboard */,
				BE8E55F51C0AD85D0076CECA /* Assets.xcassets */,
				BE8E55F71C0AD85D0076CECA /* LaunchScreen.storyboard */,
				BE8E55FA1C0AD85D0076CECA /* Info.plist */,
				BE8E55E61C0AD85D0076CECA /* Supporting Files */,
				BE8E564D1C0B65910076CECA /* Album.h */,
				BE8E564E1C0B65910076CECA /* Album.m */,
				BE8836611C0E7597003CF2C0 /* Catalog.h */,
				BE8836621C0E7597003CF2C0 /* Catalog.m */,
				BE8E56711C0BFBCB0076CECA /* Player.h */,
				BE8E56721C0BFBCB0076CECA /* Player.m */,
			);
			path = MusicPlayer;
			sourceTree = "<group>";
		};
		BE8E55E61C0AD85D0076CECA /* Supporting Files */ = {
			isa = PBXGroup;
			children = (
				BEAA46E71C0EF473006500F2 /* icons */,
				BE8E561F1C0AD8850076CECA /* music */,
				BE8E561E1C0AD87C0076CECA /* artwork */,
			);
			name = "Supporting Files";
			sourceTree = "<group>";
		};
		BE8E56021C0AD85D0076CECA /* MusicPlayerTests */ = {
			isa = PBXGroup;
			children = (
				BE8E56031C0AD85D0076CECA /* MusicPlayerTests.m */,
				BE8E56051C0AD85D0076CECA /* Info.plist */,
			);
			path = MusicPlayerTests;
			sourceTree = "<group>";
		};
		BE8E560D1C0AD85D0076CECA /* MusicPlayerUITests */ = {
			isa = PBXGroup;
			children = (
				BE8E560E1C0AD85D0076CECA /* MusicPlayerUITests.m */,
				BE8E56101C0AD85D0076CECA /* Info.plist */,
			);
			path = MusicPlayerUITests;
			sourceTree = "<group>";
		};
		BE8E561C1C0AD8690076CECA /* Master */ = {
			isa = PBXGroup;
			children = (
				BE8E55EC1C0AD85D0076CECA /* MasterViewController.h */,
				BE8E55ED1C0AD85D0076CECA /* MasterViewController.m */,
				BE8E563D1C0AD9130076CECA /* MasterCell.h */,
				BE8E563E1C0AD9130076CECA /* MasterCell.m */,
			);
			name = Master;
			sourceTree = "<group>";
		};
		BE8E561D1C0AD8710076CECA /* Detail */ = {
			isa = PBXGroup;
			children = (
				BE8836591C0D0CD9003CF2C0 /* DetailCell.h */,
				BE88365A1C0D0CD9003CF2C0 /* DetailCell.m */,
				BE8E55EF1C0AD85D0076CECA /* DetailViewController.h */,
				BE8E55F01C0AD85D0076CECA /* DetailViewController.m */,
			);
			name = Detail;
			sourceTree = "<group>";
		};
		BE8E561E1C0AD87C0076CECA /* artwork */ = {
			isa = PBXGroup;
			children = (
				BE8E56411C0B5A5B0076CECA /* 100x100 album covers */,
				BE8E564C1C0B5A720076CECA /* 375x375 album covers */,
				BE8E56701C0BF6C00076CECA /* 1400x1400 album covers */,
			);
			name = artwork;
			sourceTree = "<group>";
		};
		BE8E561F1C0AD8850076CECA /* music */ = {
			isa = PBXGroup;
			children = (
				BE8E56BB1C0C111B0076CECA /* valentinevignettes */,
				BE8E56AA1C0C102D0076CECA /* awaketooearly */,
				BE8E56991C0C0FAE0076CECA /* pipesanddreams */,
				BE8E56741C0C0C0A0076CECA /* birdsheart */,
				BE8E56201C0AD88A0076CECA /* slow */,
			);
			name = music;
			sourceTree = "<group>";
		};
		BE8E56201C0AD88A0076CECA /* slow */ = {
			isa = PBXGroup;
			children = (
				BEAA47481C0EF561006500F2 /* slow.1.mp3 */,
				BEAA47491C0EF561006500F2 /* slow.2.mp3 */,
				BEAA474A1C0EF561006500F2 /* slow.3.mp3 */,
				BEAA474B1C0EF561006500F2 /* slow.4.mp3 */,
				BEAA474C1C0EF561006500F2 /* slow.5.mp3 */,
				BEAA474D1C0EF561006500F2 /* slow.6.mp3 */,
				BEAA474E1C0EF561006500F2 /* slow.7.mp3 */,
				BEAA474F1C0EF561006500F2 /* slow.8.mp3 */,
				BEAA47501C0EF561006500F2 /* slow.9.mp3 */,
			);
			name = slow;
			sourceTree = "<group>";
		};
		BE8E56411C0B5A5B0076CECA /* 100x100 album covers */ = {
			isa = PBXGroup;
			children = (
				BEAA47091C0EF4C6006500F2 /* awaketooearly.100.jpg */,
				BEAA47321C0EF508006500F2 /* birdsheart.100.jpg */,
				BEAA47661C0EF664006500F2 /* pipesanddreams.100.jpg */,
				BEAA475A1C0EF571006500F2 /* slow.100.jpg */,
				BEAA47601C0EF5A1006500F2 /* valentinevignettes.100.jpg */,
			);
			name = "100x100 album covers";
			sourceTree = "<group>";
		};
		BE8E564C1C0B5A720076CECA /* 375x375 album covers */ = {
			isa = PBXGroup;
			children = (
				BEAA470A1C0EF4C6006500F2 /* awaketooearly.375.jpg */,
				BEAA47341C0EF510006500F2 /* birdsheart.375.jpg */,
				BEAA47671C0EF664006500F2 /* pipesanddreams.375.jpg */,
				BEAA475B1C0EF571006500F2 /* slow.375.jpg */,
				BEAA47611C0EF5A1006500F2 /* valentinevignettes.375.jpg */,
			);
			name = "375x375 album covers";
			sourceTree = "<group>";
		};
		BE8E56701C0BF6C00076CECA /* 1400x1400 album covers */ = {
			isa = PBXGroup;
			children = (
				BEAA470B1C0EF4C6006500F2 /* awaketooearly.1400.jpg */,
				BEAA47361C0EF514006500F2 /* birdsheart.1400.jpg */,
				BEAA47681C0EF664006500F2 /* pipesanddreams.1400.jpg */,
				BEAA475C1C0EF571006500F2 /* slow.1400.jpg */,
				BEAA47621C0EF5A1006500F2 /* valentinevignettes.1400.jpg */,
			);
			name = "1400x1400 album covers";
			sourceTree = "<group>";
		};
		BE8E56741C0C0C0A0076CECA /* birdsheart */ = {
			isa = PBXGroup;
			children = (
				BEAA47161C0EF4F8006500F2 /* birdsheart.1.mp3 */,
				BEAA47171C0EF4F8006500F2 /* birdsheart.2.mp3 */,
				BEAA47181C0EF4F8006500F2 /* birdsheart.3.mp3 */,
				BEAA47191C0EF4F8006500F2 /* birdsheart.4.mp3 */,
				BEAA471A1C0EF4F8006500F2 /* birdsheart.5.mp3 */,
				BEAA471B1C0EF4F8006500F2 /* birdsheart.6.mp3 */,
				BEAA471C1C0EF4F8006500F2 /* birdsheart.7.mp3 */,
				BEAA471D1C0EF4F8006500F2 /* birdsheart.8.mp3 */,
				BEAA471E1C0EF4F8006500F2 /* birdsheart.9.mp3 */,
				BEAA471F1C0EF4F8006500F2 /* birdsheart.10.mp3 */,
				BEAA47201C0EF4F8006500F2 /* birdsheart.11.mp3 */,
				BEAA47211C0EF4F8006500F2 /* birdsheart.12.mp3 */,
				BEAA47221C0EF4F8006500F2 /* birdsheart.13.mp3 */,
				BEAA47231C0EF4F8006500F2 /* birdsheart.14.mp3 */,
			);
			name = birdsheart;
			sourceTree = "<group>";
		};
		BE8E56991C0C0FAE0076CECA /* pipesanddreams */ = {
			isa = PBXGroup;
			children = (
				BEAA47381C0EF53F006500F2 /* pipesanddreams.1.mp3 */,
				BEAA47391C0EF53F006500F2 /* pipesanddreams.2.mp3 */,
				BEAA473A1C0EF53F006500F2 /* pipesanddreams.3.mp3 */,
				BEAA473B1C0EF53F006500F2 /* pipesanddreams.4.mp3 */,
				BEAA473C1C0EF53F006500F2 /* pipesanddreams.5.mp3 */,
				BEAA473D1C0EF53F006500F2 /* pipesanddreams.6.mp3 */,
				BEAA473E1C0EF53F006500F2 /* pipesanddreams.7.mp3 */,
				BEAA473F1C0EF53F006500F2 /* pipesanddreams.8.mp3 */,
			);
			name = pipesanddreams;
			sourceTree = "<group>";
		};
		BE8E56AA1C0C102D0076CECA /* awaketooearly */ = {
			isa = PBXGroup;
			children = (
				BEAA47021C0EF4C6006500F2 /* awaketooearly.1.mp3 */,
				BEAA47031C0EF4C6006500F2 /* awaketooearly.2.mp3 */,
				BEAA47041C0EF4C6006500F2 /* awaketooearly.3.mp3 */,
				BEAA47051C0EF4C6006500F2 /* awaketooearly.4.mp3 */,
				BEAA47061C0EF4C6006500F2 /* awaketooearly.5.mp3 */,
				BEAA47071C0EF4C6006500F2 /* awaketooearly.6.mp3 */,
				BEAA47081C0EF4C6006500F2 /* awaketooearly.7.mp3 */,
			);
			name = awaketooearly;
			sourceTree = "<group>";
		};
		BE8E56BB1C0C111B0076CECA /* valentinevignettes */ = {
			isa = PBXGroup;
			children = (
				BEAA46F61C0EF4B4006500F2 /* valentinevignettes.1.mp3 */,
				BEAA46F71C0EF4B4006500F2 /* valentinevignettes.2.mp3 */,
				BEAA46F81C0EF4B4006500F2 /* valentinevignettes.3.mp3 */,
				BEAA46F91C0EF4B4006500F2 /* valentinevignettes.4.mp3 */,
				BEAA46FA1C0EF4B4006500F2 /* valentinevignettes.5.mp3 */,
				BEAA46FB1C0EF4B4006500F2 /* valentinevignettes.6.mp3 */,
			);
			name = valentinevignettes;
			sourceTree = "<group>";
		};
		BEAA46E71C0EF473006500F2 /* icons */ = {
			isa = PBXGroup;
			children = (
				BEAA46E81C0EF48C006500F2 /* next.png */,
				BEAA46E91C0EF48C006500F2 /* note_disabled.png */,
				BEAA46EA1C0EF48C006500F2 /* note.png */,
				BEAA46EB1C0EF48C006500F2 /* pause.png */,
				BEAA46EC1C0EF48C006500F2 /* play.png */,
				BEAA46ED1C0EF48C006500F2 /* previous.png */,
				BEAA46EE1C0EF48C006500F2 /* thisTrackIsPlaying.png */,
			);
			name = icons;
			sourceTree = "<group>";
		};
/* End PBXGroup section */

/* Begin PBXNativeTarget section */
		BE8E55E21C0AD85D0076CECA /* MusicPlayer */ = {
			isa = PBXNativeTarget;
			buildConfigurationList = BE8E56131C0AD85D0076CECA /* Build configuration list for PBXNativeTarget "MusicPlayer" */;
			buildPhases = (
				BE8E55DF1C0AD85D0076CECA /* Sources */,
				BE8E55E01C0AD85D0076CECA /* Frameworks */,
				BE8E55E11C0AD85D0076CECA /* Resources */,
			);
			buildRules = (
			);
			dependencies = (
			);
			name = MusicPlayer;
			productName = MusicPlayer;
			productReference = BE8E55E31C0AD85D0076CECA /* MusicPlayer.app */;
			productType = "com.apple.product-type.application";
		};
		BE8E55FE1C0AD85D0076CECA /* MusicPlayerTests */ = {
			isa = PBXNativeTarget;
			buildConfigurationList = BE8E56161C0AD85D0076CECA /* Build configuration list for PBXNativeTarget "MusicPlayerTests" */;
			buildPhases = (
				BE8E55FB1C0AD85D0076CECA /* Sources */,
				BE8E55FC1C0AD85D0076CECA /* Frameworks */,
				BE8E55FD1C0AD85D0076CECA /* Resources */,
			);
			buildRules = (
			);
			dependencies = (
				BE8E56011C0AD85D0076CECA /* PBXTargetDependency */,
			);
			name = MusicPlayerTests;
			productName = MusicPlayerTests;
			productReference = BE8E55FF1C0AD85D0076CECA /* MusicPlayerTests.xctest */;
			productType = "com.apple.product-type.bundle.unit-test";
		};
		BE8E56091C0AD85D0076CECA /* MusicPlayerUITests */ = {
			isa = PBXNativeTarget;
			buildConfigurationList = BE8E56191C0AD85D0076CECA /* Build configuration list for PBXNativeTarget "MusicPlayerUITests" */;
			buildPhases = (
				BE8E56061C0AD85D0076CECA /* Sources */,
				BE8E56071C0AD85D0076CECA /* Frameworks */,
				BE8E56081C0AD85D0076CECA /* Resources */,
			);
			buildRules = (
			);
			dependencies = (
				BE8E560C1C0AD85D0076CECA /* PBXTargetDependency */,
			);
			name = MusicPlayerUITests;
			productName = MusicPlayerUITests;
			productReference = BE8E560A1C0AD85D0076CECA /* MusicPlayerUITests.xctest */;
			productType = "com.apple.product-type.bundle.ui-testing";
		};
/* End PBXNativeTarget section */

/* Begin PBXProject section */
		BE8E55DB1C0AD85D0076CECA /* Project object */ = {
			isa = PBXProject;
			attributes = {
				LastUpgradeCheck = 0710;
				ORGANIZATIONNAME = "Will Braynen";
				TargetAttributes = {
					BE8E55E21C0AD85D0076CECA = {
						CreatedOnToolsVersion = 7.1;
					};
					BE8E55FE1C0AD85D0076CECA = {
						CreatedOnToolsVersion = 7.1;
						TestTargetID = BE8E55E21C0AD85D0076CECA;
					};
					BE8E56091C0AD85D0076CECA = {
						CreatedOnToolsVersion = 7.1;
						TestTargetID = BE8E55E21C0AD85D0076CECA;
					};
				};
			};
			buildConfigurationList = BE8E55DE1C0AD85D0076CECA /* Build configuration list for PBXProject "MusicPlayer" */;
			compatibilityVersion = "Xcode 3.2";
			developmentRegion = English;
			hasScannedForEncodings = 0;
			knownRegions = (
				en,
				Base,
			);
			mainGroup = BE8E55DA1C0AD85D0076CECA;
			productRefGroup = BE8E55E41C0AD85D0076CECA /* Products */;
			projectDirPath = "";
			projectRoot = "";
			targets = (
				BE8E55E21C0AD85D0076CECA /* MusicPlayer */,
				BE8E55FE1C0AD85D0076CECA /* MusicPlayerTests */,
				BE8E56091C0AD85D0076CECA /* MusicPlayerUITests */,
			);
		};
/* End PBXProject section */

/* Begin PBXResourcesBuildPhase section */
		BE8E55E11C0AD85D0076CECA /* Resources */ = {
			isa = PBXResourcesBuildPhase;
			buildActionMask = 2147483647;
			files = (
				BEAA47511C0EF561006500F2 /* slow.1.mp3 in Resources */,
				BE8E55F91C0AD85D0076CECA /* LaunchScreen.storyboard in Resources */,
				BEAA47281C0EF4F8006500F2 /* birdsheart.5.mp3 in Resources */,
				BEAA47351C0EF510006500F2 /* birdsheart.375.jpg in Resources */,
				BEAA47371C0EF514006500F2 /* birdsheart.1400.jpg in Resources */,
				BEAA47291C0EF4F8006500F2 /* birdsheart.6.mp3 in Resources */,
				BEAA472F1C0EF4F8006500F2 /* birdsheart.12.mp3 in Resources */,
				BEAA47121C0EF4C6006500F2 /* awaketooearly.7.mp3 in Resources */,
				BEAA472B1C0EF4F8006500F2 /* birdsheart.8.mp3 in Resources */,
				BEAA47561C0EF561006500F2 /* slow.6.mp3 in Resources */,
				BEAA47651C0EF5A1006500F2 /* valentinevignettes.1400.jpg in Resources */,
				BEAA47691C0EF664006500F2 /* pipesanddreams.100.jpg in Resources */,
				BEAA47521C0EF561006500F2 /* slow.2.mp3 in Resources */,
				BEAA475D1C0EF571006500F2 /* slow.100.jpg in Resources */,
				BEAA47111C0EF4C6006500F2 /* awaketooearly.6.mp3 in Resources */,
				BEAA472D1C0EF4F8006500F2 /* birdsheart.10.mp3 in Resources */,
				BEAA47551C0EF561006500F2 /* slow.5.mp3 in Resources */,
				BEAA476A1C0EF664006500F2 /* pipesanddreams.375.jpg in Resources */,
				BEAA47271C0EF4F8006500F2 /* birdsheart.4.mp3 in Resources */,
				BEAA46F01C0EF48C006500F2 /* note_disabled.png in Resources */,
				BEAA47251C0EF4F8006500F2 /* birdsheart.2.mp3 in Resources */,
				BEAA475F1C0EF571006500F2 /* slow.1400.jpg in Resources */,
				BEAA47421C0EF53F006500F2 /* pipesanddreams.3.mp3 in Resources */,
				BEAA470F1C0EF4C6006500F2 /* awaketooearly.4.mp3 in Resources */,
				BEAA475E1C0EF571006500F2 /* slow.375.jpg in Resources */,
				BEAA46FC1C0EF4B4006500F2 /* valentinevignettes.1.mp3 in Resources */,
				BEAA47261C0EF4F8006500F2 /* birdsheart.3.mp3 in Resources */,
				BEAA47631C0EF5A1006500F2 /* valentinevignettes.100.jpg in Resources */,
				BE8E55F61C0AD85D0076CECA /* Assets.xcassets in Resources */,
				BEAA46F21C0EF48C006500F2 /* pause.png in Resources */,
				BEAA470E1C0EF4C6006500F2 /* awaketooearly.3.mp3 in Resources */,
				BEAA472A1C0EF4F8006500F2 /* birdsheart.7.mp3 in Resources */,
				BEAA47331C0EF508006500F2 /* birdsheart.100.jpg in Resources */,
				BEAA472C1C0EF4F8006500F2 /* birdsheart.9.mp3 in Resources */,
				BEAA47131C0EF4C6006500F2 /* awaketooearly.100.jpg in Resources */,
				BEAA47301C0EF4F8006500F2 /* birdsheart.13.mp3 in Resources */,
				BEAA47141C0EF4C6006500F2 /* awaketooearly.375.jpg in Resources */,
				BEAA472E1C0EF4F8006500F2 /* birdsheart.11.mp3 in Resources */,
				BEAA46F11C0EF48C006500F2 /* note.png in Resources */,
				BEAA476B1C0EF664006500F2 /* pipesanddreams.1400.jpg in Resources */,
				BEAA47311C0EF4F8006500F2 /* birdsheart.14.mp3 in Resources */,
				BEAA46FD1C0EF4B4006500F2 /* valentinevignettes.2.mp3 in Resources */,
				BEAA46F51C0EF48C006500F2 /* thisTrackIsPlaying.png in Resources */,
				BEAA47641C0EF5A1006500F2 /* valentinevignettes.375.jpg in Resources */,
				BEAA47411C0EF53F006500F2 /* pipesanddreams.2.mp3 in Resources */,
				BEAA47531C0EF561006500F2 /* slow.3.mp3 in Resources */,
				BEAA47011C0EF4B4006500F2 /* valentinevignettes.6.mp3 in Resources */,
				BEAA47471C0EF53F006500F2 /* pipesanddreams.8.mp3 in Resources */,
				BEAA47461C0EF53F006500F2 /* pipesanddreams.7.mp3 in Resources */,
				BEAA470D1C0EF4C6006500F2 /* awaketooearly.2.mp3 in Resources */,
				BEAA47151C0EF4C6006500F2 /* awaketooearly.1400.jpg in Resources */,
				BEAA47441C0EF53F006500F2 /* pipesanddreams.5.mp3 in Resources */,
				BEAA47541C0EF561006500F2 /* slow.4.mp3 in Resources */,
				BEAA47571C0EF561006500F2 /* slow.7.mp3 in Resources */,
				BEAA46FE1C0EF4B4006500F2 /* valentinevignettes.3.mp3 in Resources */,
				BEAA470C1C0EF4C6006500F2 /* awaketooearly.1.mp3 in Resources */,
				BEAA46F31C0EF48C006500F2 /* play.png in Resources */,
				BEAA47451C0EF53F006500F2 /* pipesanddreams.6.mp3 in Resources */,
				BEAA46FF1C0EF4B4006500F2 /* valentinevignettes.4.mp3 in Resources */,
				BEAA47241C0EF4F8006500F2 /* birdsheart.1.mp3 in Resources */,
				BEAA47001C0EF4B4006500F2 /* valentinevignettes.5.mp3 in Resources */,
				BEAA47581C0EF561006500F2 /* slow.8.mp3 in Resources */,
				BEAA47101C0EF4C6006500F2 /* awaketooearly.5.mp3 in Resources */,
				BEAA47401C0EF53F006500F2 /* pipesanddreams.1.mp3 in Resources */,
				BEAA46EF1C0EF48C006500F2 /* next.png in Resources */,
				BEAA47591C0EF561006500F2 /* slow.9.mp3 in Resources */,
				BE8E55F41C0AD85D0076CECA /* Main.storyboard in Resources */,
				BEAA46F41C0EF48C006500F2 /* previous.png in Resources */,
				BEAA47431C0EF53F006500F2 /* pipesanddreams.4.mp3 in Resources */,
			);
			runOnlyForDeploymentPostprocessing = 0;
		};
		BE8E55FD1C0AD85D0076CECA /* Resources */ = {
			isa = PBXResourcesBuildPhase;
			buildActionMask = 2147483647;
			files = (
			);
			runOnlyForDeploymentPostprocessing = 0;
		};
		BE8E56081C0AD85D0076CECA /* Resources */ = {
			isa = PBXResourcesBuildPhase;
			buildActionMask = 2147483647;
			files = (
			);
			runOnlyForDeploymentPostprocessing = 0;
		};
/* End PBXResourcesBuildPhase section */

/* Begin PBXSourcesBuildPhase section */
		BE8E55DF1C0AD85D0076CECA /* Sources */ = {
			isa = PBXSourcesBuildPhase;
			buildActionMask = 2147483647;
			files = (
				BE8E563F1C0AD9130076CECA /* MasterCell.m in Sources */,
				BE8E55EB1C0AD85D0076CECA /* AppDelegate.m in Sources */,
				BE8E55EE1C0AD85D0076CECA /* MasterViewController.m in Sources */,
				BE88367D1C0EF353003CF2C0 /* UIColor+MyColors.m in Sources */,
				BE8836631C0E7597003CF2C0 /* Catalog.m in Sources */,
				BE8E564F1C0B65910076CECA /* Album.m in Sources */,
				BE8E55E81C0AD85D0076CECA /* main.m in Sources */,
				BE88365B1C0D0CD9003CF2C0 /* DetailCell.m in Sources */,
				BE8E56731C0BFBCB0076CECA /* Player.m in Sources */,
				BE8E55F11C0AD85D0076CECA /* DetailViewController.m in Sources */,
			);
			runOnlyForDeploymentPostprocessing = 0;
		};
		BE8E55FB1C0AD85D0076CECA /* Sources */ = {
			isa = PBXSourcesBuildPhase;
			buildActionMask = 2147483647;
			files = (
				BE8E56041C0AD85D0076CECA /* MusicPlayerTests.m in Sources */,
			);
			runOnlyForDeploymentPostprocessing = 0;
		};
		BE8E56061C0AD85D0076CECA /* Sources */ = {
			isa = PBXSourcesBuildPhase;
			buildActionMask = 2147483647;
			files = (
				BE8E560F1C0AD85D0076CECA /* MusicPlayerUITests.m in Sources */,
			);
			runOnlyForDeploymentPostprocessing = 0;
		};
/* End PBXSourcesBuildPhase section */

/* Begin PBXTargetDependency section */
		BE8E56011C0AD85D0076CECA /* PBXTargetDependency */ = {
			isa = PBXTargetDependency;
			target = BE8E55E21C0AD85D0076CECA /* MusicPlayer */;
			targetProxy = BE8E56001C0AD85D0076CECA /* PBXContainerItemProxy */;
		};
		BE8E560C1C0AD85D0076CECA /* PBXTargetDependency */ = {
			isa = PBXTargetDependency;
			target = BE8E55E21C0AD85D0076CECA /* MusicPlayer */;
			targetProxy = BE8E560B1C0AD85D0076CECA /* PBXContainerItemProxy */;
		};
/* End PBXTargetDependency section */

/* Begin PBXVariantGroup section */
		BE8E55F21C0AD85D0076CECA /* Main.storyboard */ = {
			isa = PBXVariantGroup;
			children = (
				BE8E55F31C0AD85D0076CECA /* Base */,
			);
			name = Main.storyboard;
			sourceTree = "<group>";
		};
		BE8E55F71C0AD85D0076CECA /* LaunchScreen.storyboard */ = {
			isa = PBXVariantGroup;
			children = (
				BE8E55F81C0AD85D0076CECA /* Base */,
			);
			name = LaunchScreen.storyboard;
			sourceTree = "<group>";
		};
/* End PBXVariantGroup section */

/* Begin XCBuildConfiguration section */
		BE8E56111C0AD85D0076CECA /* Debug */ = {
			isa = XCBuildConfiguration;
			buildSettings = {
				ALWAYS_SEARCH_USER_PATHS = NO;
				CLANG_CXX_LANGUAGE_STANDARD = "gnu++0x";
				CLANG_CXX_LIBRARY = "libc++";
				CLANG_ENABLE_MODULES = YES;
				CLANG_ENABLE_OBJC_ARC = YES;
				CLANG_WARN_BOOL_CONVERSION = YES;
				CLANG_WARN_CONSTANT_CONVERSION = YES;
				CLANG_WARN_DIRECT_OBJC_ISA_USAGE = YES_ERROR;
				CLANG_WARN_EMPTY_BODY = YES;
				CLANG_WARN_ENUM_CONVERSION = YES;
				CLANG_WARN_INT_CONVERSION = YES;
				CLANG_WARN_OBJC_ROOT_CLASS = YES_ERROR;
				CLANG_WARN_UNREACHABLE_CODE = YES;
				CLANG_WARN__DUPLICATE_METHOD_MATCH = YES;
				"CODE_SIGN_IDENTITY[sdk=iphoneos*]" = "iPhone Developer";
				COPY_PHASE_STRIP = NO;
				DEBUG_INFORMATION_FORMAT = dwarf;
				ENABLE_STRICT_OBJC_MSGSEND = YES;
				ENABLE_TESTABILITY = YES;
				GCC_C_LANGUAGE_STANDARD = gnu99;
				GCC_DYNAMIC_NO_PIC = NO;
				GCC_NO_COMMON_BLOCKS = YES;
				GCC_OPTIMIZATION_LEVEL = 0;
				GCC_PREPROCESSOR_DEFINITIONS = (
					"DEBUG=1",
					"$(inherited)",
				);
				GCC_WARN_64_TO_32_BIT_CONVERSION = YES;
				GCC_WARN_ABOUT_RETURN_TYPE = YES_ERROR;
				GCC_WARN_UNDECLARED_SELECTOR = YES;
				GCC_WARN_UNINITIALIZED_AUTOS = YES_AGGRESSIVE;
				GCC_WARN_UNUSED_FUNCTION = YES;
				GCC_WARN_UNUSED_VARIABLE = YES;
				IPHONEOS_DEPLOYMENT_TARGET = 9.1;
				MTL_ENABLE_DEBUG_INFO = YES;
				ONLY_ACTIVE_ARCH = YES;
				SDKROOT = iphoneos;
				TARGETED_DEVICE_FAMILY = "1,2";
			};
			name = Debug;
		};
		BE8E56121C0AD85D0076CECA /* Release */ = {
			isa = XCBuildConfiguration;
			buildSettings = {
				ALWAYS_SEARCH_USER_PATHS = NO;
				CLANG_CXX_LANGUAGE_STANDARD = "gnu++0x";
				CLANG_CXX_LIBRARY = "libc++";
				CLANG_ENABLE_MODULES = YES;
				CLANG_ENABLE_OBJC_ARC = YES;
				CLANG_WARN_BOOL_CONVERSION = YES;
				CLANG_WARN_CONSTANT_CONVERSION = YES;
				CLANG_WARN_DIRECT_OBJC_ISA_USAGE = YES_ERROR;
				CLANG_WARN_EMPTY_BODY = YES;
				CLANG_WARN_ENUM_CONVERSION = YES;
				CLANG_WARN_INT_CONVERSION = YES;
				CLANG_WARN_OBJC_ROOT_CLASS = YES_ERROR;
				CLANG_WARN_UNREACHABLE_CODE = YES;
				CLANG_WARN__DUPLICATE_METHOD_MATCH = YES;
				"CODE_SIGN_IDENTITY[sdk=iphoneos*]" = "iPhone Developer";
				COPY_PHASE_STRIP = NO;
				DEBUG_INFORMATION_FORMAT = "dwarf-with-dsym";
				ENABLE_NS_ASSERTIONS = NO;
				ENABLE_STRICT_OBJC_MSGSEND = YES;
				GCC_C_LANGUAGE_STANDARD = gnu99;
				GCC_NO_COMMON_BLOCKS = YES;
				GCC_WARN_64_TO_32_BIT_CONVERSION = YES;
				GCC_WARN_ABOUT_RETURN_TYPE = YES_ERROR;
				GCC_WARN_UNDECLARED_SELECTOR = YES;
				GCC_WARN_UNINITIALIZED_AUTOS = YES_AGGRESSIVE;
				GCC_WARN_UNUSED_FUNCTION = YES;
				GCC_WARN_UNUSED_VARIABLE = YES;
				IPHONEOS_DEPLOYMENT_TARGET = 9.1;
				MTL_ENABLE_DEBUG_INFO = NO;
				SDKROOT = iphoneos;
				TARGETED_DEVICE_FAMILY = "1,2";
				VALIDATE_PRODUCT = YES;
			};
			name = Release;
		};
		BE8E56141C0AD85D0076CECA /* Debug */ = {
			isa = XCBuildConfiguration;
			buildSettings = {
				ASSETCATALOG_COMPILER_APPICON_NAME = AppIcon;
				INFOPLIST_FILE = MusicPlayer/Info.plist;
				LD_RUNPATH_SEARCH_PATHS = "$(inherited) @executable_path/Frameworks";
				PRODUCT_BUNDLE_IDENTIFIER = com.samdurak.MusicPlayer;
				PRODUCT_NAME = "$(TARGET_NAME)";
			};
			name = Debug;
		};
		BE8E56151C0AD85D0076CECA /* Release */ = {
			isa = XCBuildConfiguration;
			buildSettings = {
				ASSETCATALOG_COMPILER_APPICON_NAME = AppIcon;
				INFOPLIST_FILE = MusicPlayer/Info.plist;
				LD_RUNPATH_SEARCH_PATHS = "$(inherited) @executable_path/Frameworks";
				PRODUCT_BUNDLE_IDENTIFIER = com.samdurak.MusicPlayer;
				PRODUCT_NAME = "$(TARGET_NAME)";
			};
			name = Release;
		};
		BE8E56171C0AD85D0076CECA /* Debug */ = {
			isa = XCBuildConfiguration;
			buildSettings = {
				BUNDLE_LOADER = "$(TEST_HOST)";
				INFOPLIST_FILE = MusicPlayerTests/Info.plist;
				LD_RUNPATH_SEARCH_PATHS = "$(inherited) @executable_path/Frameworks @loader_path/Frameworks";
				PRODUCT_BUNDLE_IDENTIFIER = com.samdurak.MusicPlayerTests;
				PRODUCT_NAME = "$(TARGET_NAME)";
				TEST_HOST = "$(BUILT_PRODUCTS_DIR)/MusicPlayer.app/MusicPlayer";
			};
			name = Debug;
		};
		BE8E56181C0AD85D0076CECA /* Release */ = {
			isa = XCBuildConfiguration;
			buildSettings = {
				BUNDLE_LOADER = "$(TEST_HOST)";
				INFOPLIST_FILE = MusicPlayerTests/Info.plist;
				LD_RUNPATH_SEARCH_PATHS = "$(inherited) @executable_path/Frameworks @loader_path/Frameworks";
				PRODUCT_BUNDLE_IDENTIFIER = com.samdurak.MusicPlayerTests;
				PRODUCT_NAME = "$(TARGET_NAME)";
				TEST_HOST = "$(BUILT_PRODUCTS_DIR)/MusicPlayer.app/MusicPlayer";
			};
			name = Release;
		};
		BE8E561A1C0AD85D0076CECA /* Debug */ = {
			isa = XCBuildConfiguration;
			buildSettings = {
				INFOPLIST_FILE = MusicPlayerUITests/Info.plist;
				LD_RUNPATH_SEARCH_PATHS = "$(inherited) @executable_path/Frameworks @loader_path/Frameworks";
				PRODUCT_BUNDLE_IDENTIFIER = com.samdurak.MusicPlayerUITests;
				PRODUCT_NAME = "$(TARGET_NAME)";
				TEST_TARGET_NAME = MusicPlayer;
				USES_XCTRUNNER = YES;
			};
			name = Debug;
		};
		BE8E561B1C0AD85D0076CECA /* Release */ = {
			isa = XCBuildConfiguration;
			buildSettings = {
				INFOPLIST_FILE = MusicPlayerUITests/Info.plist;
				LD_RUNPATH_SEARCH_PATHS = "$(inherited) @executable_path/Frameworks @loader_path/Frameworks";
				PRODUCT_BUNDLE_IDENTIFIER = com.samdurak.MusicPlayerUITests;
				PRODUCT_NAME = "$(TARGET_NAME)";
				TEST_TARGET_NAME = MusicPlayer;
				USES_XCTRUNNER = YES;
			};
			name = Release;
		};
/* End XCBuildConfiguration section */

/* Begin XCConfigurationList section */
		BE8E55DE1C0AD85D0076CECA /* Build configuration list for PBXProject "MusicPlayer" */ = {
			isa = XCConfigurationList;
			buildConfigurations = (
				BE8E56111C0AD85D0076CECA /* Debug */,
				BE8E56121C0AD85D0076CECA /* Release */,
			);
			defaultConfigurationIsVisible = 0;
			defaultConfigurationName = Release;
		};
		BE8E56131C0AD85D0076CECA /* Build configuration list for PBXNativeTarget "MusicPlayer" */ = {
			isa = XCConfigurationList;
			buildConfigurations = (
				BE8E56141C0AD85D0076CECA /* Debug */,
				BE8E56151C0AD85D0076CECA /* Release */,
			);
			defaultConfigurationIsVisible = 0;
			defaultConfigurationName = Release;
		};
		BE8E56161C0AD85D0076CECA /* Build configuration list for PBXNativeTarget "MusicPlayerTests" */ = {
			isa = XCConfigurationList;
			buildConfigurations = (
				BE8E56171C0AD85D0076CECA /* Debug */,
				BE8E56181C0AD85D0076CECA /* Release */,
			);
			defaultConfigurationIsVisible = 0;
			defaultConfigurationName = Release;
		};
		BE8E56191C0AD85D0076CECA /* Build configuration list for PBXNativeTarget "MusicPlayerUITests" */ = {
			isa = XCConfigurationList;
			buildConfigurations = (
				BE8E561A1C0AD85D0076CECA /* Debug */,
				BE8E561B1C0AD85D0076CECA /* Release */,
			);
			defaultConfigurationIsVisible = 0;
			defaultConfigurationName = Release;
		};
/* End XCConfigurationList section */
	};
	rootObject = BE8E55DB1C0AD85D0076CECA /* Project object */;
}
